// !$*UTF8*$!
{
	archiveVersion = 1;
	classes = {
	};
	objectVersion = 56;
	objects = {

/* Begin PBXBuildFile section */
		C101B9D629FA7D6F000192CD /* HomeView.swift in Sources */ = {isa = PBXBuildFile; fileRef = C1A983B229F3D80D00D83BBF /* HomeView.swift */; };
		C101B9D729FA7D6F000192CD /* MyPhotoReviewerApp.swift in Sources */ = {isa = PBXBuildFile; fileRef = C1A983B029F3D80D00D83BBF /* MyPhotoReviewerApp.swift */; };
		C101B9DA29FA7D6F000192CD /* Preview Assets.xcassets in Resources */ = {isa = PBXBuildFile; fileRef = C1A983B729F3D80E00D83BBF /* Preview Assets.xcassets */; };
		C101B9DB29FA7D6F000192CD /* Assets.xcassets in Resources */ = {isa = PBXBuildFile; fileRef = C1A983B429F3D80E00D83BBF /* Assets.xcassets */; };
		C101B9E229FA80B8000192CD /* EnvironmentManager.swift in Sources */ = {isa = PBXBuildFile; fileRef = C101B9E129FA80B8000192CD /* EnvironmentManager.swift */; };
		C101B9F529FA8721000192CD /* AppDelegate.swift in Sources */ = {isa = PBXBuildFile; fileRef = C101B9F429FA8721000192CD /* AppDelegate.swift */; };
		C101B9F929FA886A000192CD /* FirebaseAnalytics in Frameworks */ = {isa = PBXBuildFile; productRef = C101B9F829FA886A000192CD /* FirebaseAnalytics */; };
		C101B9FB29FA886A000192CD /* FirebaseAuth in Frameworks */ = {isa = PBXBuildFile; productRef = C101B9FA29FA886A000192CD /* FirebaseAuth */; };
		C101B9FD29FA886A000192CD /* FirebaseCrashlytics in Frameworks */ = {isa = PBXBuildFile; productRef = C101B9FC29FA886A000192CD /* FirebaseCrashlytics */; };
		C101B9FF29FA886A000192CD /* FirebaseDatabase in Frameworks */ = {isa = PBXBuildFile; productRef = C101B9FE29FA886A000192CD /* FirebaseDatabase */; };
		C101BA0129FA886A000192CD /* FirebaseFirestore in Frameworks */ = {isa = PBXBuildFile; productRef = C101BA0029FA886A000192CD /* FirebaseFirestore */; };
		C101BA0329FA886A000192CD /* FirebasePerformance in Frameworks */ = {isa = PBXBuildFile; productRef = C101BA0229FA886A000192CD /* FirebasePerformance */; };
		C101BA0529FA886A000192CD /* FirebaseStorage in Frameworks */ = {isa = PBXBuildFile; productRef = C101BA0429FA886A000192CD /* FirebaseStorage */; };
		C101BA1F29FC4196000192CD /* UserRegistrationView.swift in Sources */ = {isa = PBXBuildFile; fileRef = C101BA1E29FC4196000192CD /* UserRegistrationView.swift */; };
		C101BA2229FC4294000192CD /* UserLoginView.swift in Sources */ = {isa = PBXBuildFile; fileRef = C101BA2129FC4294000192CD /* UserLoginView.swift */; };
		C189C8DF29FCF7C3007C5FB3 /* Colors.xcassets in Resources */ = {isa = PBXBuildFile; fileRef = C189C8DE29FCF7C3007C5FB3 /* Colors.xcassets */; };
		C189C8E329FCF9BB007C5FB3 /* Color+CustomColors.swift in Sources */ = {isa = PBXBuildFile; fileRef = C189C8E229FCF9BB007C5FB3 /* Color+CustomColors.swift */; };
		C189C8E729FD0F20007C5FB3 /* FormTextField.swift in Sources */ = {isa = PBXBuildFile; fileRef = C189C8E629FD0F20007C5FB3 /* FormTextField.swift */; };
		C189C8EA29FD31FB007C5FB3 /* UserAuthenticationBackgroundArt.swift in Sources */ = {isa = PBXBuildFile; fileRef = C189C8E929FD31FB007C5FB3 /* UserAuthenticationBackgroundArt.swift */; };
		C19948A82A024689004CD4A1 /* LaunchScreen.storyboard in Resources */ = {isa = PBXBuildFile; fileRef = C19948A72A024689004CD4A1 /* LaunchScreen.storyboard */; };
		C19948AB2A036A0F004CD4A1 /* ActivityIndicator.swift in Sources */ = {isa = PBXBuildFile; fileRef = C19948AA2A036A0F004CD4A1 /* ActivityIndicator.swift */; };
		C19948AE2A036A9A004CD4A1 /* AlertView.swift in Sources */ = {isa = PBXBuildFile; fileRef = C19948AD2A036A9A004CD4A1 /* AlertView.swift */; };
		C19948B12A036AC7004CD4A1 /* TypeAliases.swift in Sources */ = {isa = PBXBuildFile; fileRef = C19948B02A036AC7004CD4A1 /* TypeAliases.swift */; };
		C19948B42A036C24004CD4A1 /* UIDevice+ScreenSize.swift in Sources */ = {isa = PBXBuildFile; fileRef = C19948B32A036C24004CD4A1 /* UIDevice+ScreenSize.swift */; };
		C19948B72A0371CD004CD4A1 /* OverlayContainerView.swift in Sources */ = {isa = PBXBuildFile; fileRef = C19948B62A0371CD004CD4A1 /* OverlayContainerView.swift */; };
		C19948BA2A037223004CD4A1 /* AppContext.swift in Sources */ = {isa = PBXBuildFile; fileRef = C19948B92A037223004CD4A1 /* AppContext.swift */; };
		C19948BD2A038F73004CD4A1 /* UserProfileModel.swift in Sources */ = {isa = PBXBuildFile; fileRef = C19948BC2A038F73004CD4A1 /* UserProfileModel.swift */; };
		C19948C02A03923F004CD4A1 /* RootView.swift in Sources */ = {isa = PBXBuildFile; fileRef = C19948BF2A03923F004CD4A1 /* RootView.swift */; };
		C19949072A067AC4004CD4A1 /* Localizable.strings in Resources */ = {isa = PBXBuildFile; fileRef = C19949062A067AC4004CD4A1 /* Localizable.strings */; };
		C199490A2A068209004CD4A1 /* BaseViewModel.swift in Sources */ = {isa = PBXBuildFile; fileRef = C19949092A068209004CD4A1 /* BaseViewModel.swift */; };
		C199490D2A06824D004CD4A1 /* LocalStorageService.swift in Sources */ = {isa = PBXBuildFile; fileRef = C199490C2A06824D004CD4A1 /* LocalStorageService.swift */; };
		C19949102A0683DA004CD4A1 /* UserAuthenticationViewModel.swift in Sources */ = {isa = PBXBuildFile; fileRef = C199490F2A0683DA004CD4A1 /* UserAuthenticationViewModel.swift */; };
		C1A983C229F3D80E00D83BBF /* MyPhotoReviewerTests.swift in Sources */ = {isa = PBXBuildFile; fileRef = C1A983C129F3D80E00D83BBF /* MyPhotoReviewerTests.swift */; };
		C1A983CC29F3D80E00D83BBF /* MyPhotoReviewerUITests.swift in Sources */ = {isa = PBXBuildFile; fileRef = C1A983CB29F3D80E00D83BBF /* MyPhotoReviewerUITests.swift */; };
		C1A983CE29F3D80E00D83BBF /* MyPhotoReviewerUITestsLaunchTests.swift in Sources */ = {isa = PBXBuildFile; fileRef = C1A983CD29F3D80E00D83BBF /* MyPhotoReviewerUITestsLaunchTests.swift */; };
		C1B2CA532A122F2800D2AE04 /* UserAuthenticationProvider.swift in Sources */ = {isa = PBXBuildFile; fileRef = C1B2CA522A122F2800D2AE04 /* UserAuthenticationProvider.swift */; };
		C1B2CA562A1341ED00D2AE04 /* GoogleSignIn in Frameworks */ = {isa = PBXBuildFile; productRef = C1B2CA552A1341ED00D2AE04 /* GoogleSignIn */; };
		C1B2CA582A1341ED00D2AE04 /* GoogleSignInSwift in Frameworks */ = {isa = PBXBuildFile; productRef = C1B2CA572A1341ED00D2AE04 /* GoogleSignInSwift */; };
		C1B2CA782A15458600D2AE04 /* TypeAliases.swift in Sources */ = {isa = PBXBuildFile; fileRef = C19948B02A036AC7004CD4A1 /* TypeAliases.swift */; };
		C1B2CA792A15458600D2AE04 /* LocalStorageService.swift in Sources */ = {isa = PBXBuildFile; fileRef = C199490C2A06824D004CD4A1 /* LocalStorageService.swift */; };
		C1B2CA7A2A15458600D2AE04 /* AppContext.swift in Sources */ = {isa = PBXBuildFile; fileRef = C19948B92A037223004CD4A1 /* AppContext.swift */; };
		C1B2CA7B2A15458600D2AE04 /* UserProfileModel.swift in Sources */ = {isa = PBXBuildFile; fileRef = C19948BC2A038F73004CD4A1 /* UserProfileModel.swift */; };
		C1B2CA7C2A15458600D2AE04 /* RootView.swift in Sources */ = {isa = PBXBuildFile; fileRef = C19948BF2A03923F004CD4A1 /* RootView.swift */; };
		C1B2CA7D2A15458600D2AE04 /* AppDelegate.swift in Sources */ = {isa = PBXBuildFile; fileRef = C101B9F429FA8721000192CD /* AppDelegate.swift */; };
		C1B2CA7E2A15458600D2AE04 /* BaseViewModel.swift in Sources */ = {isa = PBXBuildFile; fileRef = C19949092A068209004CD4A1 /* BaseViewModel.swift */; };
		C1B2CA7F2A15458600D2AE04 /* HomeView.swift in Sources */ = {isa = PBXBuildFile; fileRef = C1A983B229F3D80D00D83BBF /* HomeView.swift */; };
		C1B2CA802A15458600D2AE04 /* EnvironmentManager.swift in Sources */ = {isa = PBXBuildFile; fileRef = C101B9E129FA80B8000192CD /* EnvironmentManager.swift */; };
		C1B2CA812A15458600D2AE04 /* UserAuthenticationViewModel.swift in Sources */ = {isa = PBXBuildFile; fileRef = C199490F2A0683DA004CD4A1 /* UserAuthenticationViewModel.swift */; };
		C1B2CA822A15458600D2AE04 /* AlertView.swift in Sources */ = {isa = PBXBuildFile; fileRef = C19948AD2A036A9A004CD4A1 /* AlertView.swift */; };
		C1B2CA832A15458600D2AE04 /* Color+CustomColors.swift in Sources */ = {isa = PBXBuildFile; fileRef = C189C8E229FCF9BB007C5FB3 /* Color+CustomColors.swift */; };
		C1B2CA842A15458600D2AE04 /* UserLoginView.swift in Sources */ = {isa = PBXBuildFile; fileRef = C101BA2129FC4294000192CD /* UserLoginView.swift */; };
		C1B2CA852A15458600D2AE04 /* UIDevice+ScreenSize.swift in Sources */ = {isa = PBXBuildFile; fileRef = C19948B32A036C24004CD4A1 /* UIDevice+ScreenSize.swift */; };
		C1B2CA862A15458600D2AE04 /* FormTextField.swift in Sources */ = {isa = PBXBuildFile; fileRef = C189C8E629FD0F20007C5FB3 /* FormTextField.swift */; };
		C1B2CA872A15458600D2AE04 /* UserAuthenticationProvider.swift in Sources */ = {isa = PBXBuildFile; fileRef = C1B2CA522A122F2800D2AE04 /* UserAuthenticationProvider.swift */; };
		C1B2CA882A15458600D2AE04 /* ActivityIndicator.swift in Sources */ = {isa = PBXBuildFile; fileRef = C19948AA2A036A0F004CD4A1 /* ActivityIndicator.swift */; };
		C1B2CA892A15458600D2AE04 /* UserAuthenticationBackgroundArt.swift in Sources */ = {isa = PBXBuildFile; fileRef = C189C8E929FD31FB007C5FB3 /* UserAuthenticationBackgroundArt.swift */; };
		C1B2CA8A2A15458600D2AE04 /* OverlayContainerView.swift in Sources */ = {isa = PBXBuildFile; fileRef = C19948B62A0371CD004CD4A1 /* OverlayContainerView.swift */; };
		C1B2CA8B2A15458600D2AE04 /* MyPhotoReviewerApp.swift in Sources */ = {isa = PBXBuildFile; fileRef = C1A983B029F3D80D00D83BBF /* MyPhotoReviewerApp.swift */; };
		C1B2CA8C2A15458600D2AE04 /* UserRegistrationView.swift in Sources */ = {isa = PBXBuildFile; fileRef = C101BA1E29FC4196000192CD /* UserRegistrationView.swift */; };
		C1B2CA8E2A15458600D2AE04 /* GoogleSignInSwift in Frameworks */ = {isa = PBXBuildFile; productRef = C1B2CA762A15458600D2AE04 /* GoogleSignInSwift */; };
		C1B2CA8F2A15458600D2AE04 /* FirebaseCrashlytics in Frameworks */ = {isa = PBXBuildFile; productRef = C1B2CA6F2A15458600D2AE04 /* FirebaseCrashlytics */; };
		C1B2CA902A15458600D2AE04 /* GoogleSignIn in Frameworks */ = {isa = PBXBuildFile; productRef = C1B2CA742A15458600D2AE04 /* GoogleSignIn */; };
		C1B2CA912A15458600D2AE04 /* FirebaseAnalytics in Frameworks */ = {isa = PBXBuildFile; productRef = C1B2CA6C2A15458600D2AE04 /* FirebaseAnalytics */; };
		C1B2CA922A15458600D2AE04 /* FirebasePerformance in Frameworks */ = {isa = PBXBuildFile; productRef = C1B2CA722A15458600D2AE04 /* FirebasePerformance */; };
		C1B2CA932A15458600D2AE04 /* FirebaseDatabase in Frameworks */ = {isa = PBXBuildFile; productRef = C1B2CA702A15458600D2AE04 /* FirebaseDatabase */; };
		C1B2CA942A15458600D2AE04 /* FirebaseStorage in Frameworks */ = {isa = PBXBuildFile; productRef = C1B2CA732A15458600D2AE04 /* FirebaseStorage */; };
		C1B2CA952A15458600D2AE04 /* FirebaseFirestore in Frameworks */ = {isa = PBXBuildFile; productRef = C1B2CA712A15458600D2AE04 /* FirebaseFirestore */; };
		C1B2CA962A15458600D2AE04 /* FirebaseAuth in Frameworks */ = {isa = PBXBuildFile; productRef = C1B2CA6E2A15458600D2AE04 /* FirebaseAuth */; };
		C1B2CA992A15458600D2AE04 /* Localizable.strings in Resources */ = {isa = PBXBuildFile; fileRef = C19949062A067AC4004CD4A1 /* Localizable.strings */; };
		C1B2CA9A2A15458600D2AE04 /* Colors.xcassets in Resources */ = {isa = PBXBuildFile; fileRef = C189C8DE29FCF7C3007C5FB3 /* Colors.xcassets */; };
		C1B2CA9B2A15458600D2AE04 /* LaunchScreen.storyboard in Resources */ = {isa = PBXBuildFile; fileRef = C19948A72A024689004CD4A1 /* LaunchScreen.storyboard */; };
		C1B2CA9C2A15458600D2AE04 /* Preview Assets.xcassets in Resources */ = {isa = PBXBuildFile; fileRef = C1A983B729F3D80E00D83BBF /* Preview Assets.xcassets */; };
		C1B2CA9D2A15458600D2AE04 /* Assets.xcassets in Resources */ = {isa = PBXBuildFile; fileRef = C1A983B429F3D80E00D83BBF /* Assets.xcassets */; };
		C1B2CAA82A157D5C00D2AE04 /* MyPhotoReviewer-Development-Info.plist in Resources */ = {isa = PBXBuildFile; fileRef = C1B2CA592A13420D00D2AE04 /* MyPhotoReviewer-Development-Info.plist */; };
		C1B2CAAA2A157F4300D2AE04 /* MyPhotoReviewer-Distribution-Info.plist in Resources */ = {isa = PBXBuildFile; fileRef = C1B2CAA92A157F4300D2AE04 /* MyPhotoReviewer-Distribution-Info.plist */; };
		C1CCBB632A1D230E0040C3BD /* FirebaseDatabaseService.swift in Sources */ = {isa = PBXBuildFile; fileRef = C1CCBB622A1D230E0040C3BD /* FirebaseDatabaseService.swift */; };
		C1CCBB642A1D230E0040C3BD /* FirebaseDatabaseService.swift in Sources */ = {isa = PBXBuildFile; fileRef = C1CCBB622A1D230E0040C3BD /* FirebaseDatabaseService.swift */; };
		C1CCBB662A1D23200040C3BD /* FirebaseStorageService.swift in Sources */ = {isa = PBXBuildFile; fileRef = C1CCBB652A1D23200040C3BD /* FirebaseStorageService.swift */; };
		C1CCBB672A1D23200040C3BD /* FirebaseStorageService.swift in Sources */ = {isa = PBXBuildFile; fileRef = C1CCBB652A1D23200040C3BD /* FirebaseStorageService.swift */; };
		C1DFD3032A27A00C0001ABFC /* GoogleDriveService-Info.plist in Resources */ = {isa = PBXBuildFile; fileRef = C1DFD3022A27A00C0001ABFC /* GoogleDriveService-Info.plist */; };
		C1DFD3152A27CE750001ABFC /* GTMSessionFetcher in Frameworks */ = {isa = PBXBuildFile; productRef = C1DFD3142A27CE750001ABFC /* GTMSessionFetcher */; };
		C1DFD3172A27CE750001ABFC /* GTMSessionFetcherCore in Frameworks */ = {isa = PBXBuildFile; productRef = C1DFD3162A27CE750001ABFC /* GTMSessionFetcherCore */; };
		C1DFD3192A27CE750001ABFC /* GTMSessionFetcherFull in Frameworks */ = {isa = PBXBuildFile; productRef = C1DFD3182A27CE750001ABFC /* GTMSessionFetcherFull */; };
		C1DFD31C2A27CEC50001ABFC /* GoogleAPIClientForRESTCore in Frameworks */ = {isa = PBXBuildFile; productRef = C1DFD31B2A27CEC50001ABFC /* GoogleAPIClientForRESTCore */; };
		C1DFD31E2A27CF3F0001ABFC /* GTMSessionFetcher in Frameworks */ = {isa = PBXBuildFile; productRef = C1DFD31D2A27CF3F0001ABFC /* GTMSessionFetcher */; };
		C1DFD3202A27CF3F0001ABFC /* GTMSessionFetcherCore in Frameworks */ = {isa = PBXBuildFile; productRef = C1DFD31F2A27CF3F0001ABFC /* GTMSessionFetcherCore */; };
		C1DFD3222A27CF3F0001ABFC /* GTMSessionFetcherFull in Frameworks */ = {isa = PBXBuildFile; productRef = C1DFD3212A27CF3F0001ABFC /* GTMSessionFetcherFull */; };
		C1DFD3242A27CF3F0001ABFC /* GTMSessionFetcherLogView in Frameworks */ = {isa = PBXBuildFile; productRef = C1DFD3232A27CF3F0001ABFC /* GTMSessionFetcherLogView */; };
		C1DFD3262A27CF980001ABFC /* GoogleAPIClientForRESTCore in Frameworks */ = {isa = PBXBuildFile; productRef = C1DFD3252A27CF980001ABFC /* GoogleAPIClientForRESTCore */; };
		C1DFD3282A27CFAE0001ABFC /* GTMSessionFetcherLogView in Frameworks */ = {isa = PBXBuildFile; productRef = C1DFD3272A27CFAE0001ABFC /* GTMSessionFetcherLogView */; };
		C1DFD32A2A27D0C20001ABFC /* GoogleAPIClientForREST_Drive in Frameworks */ = {isa = PBXBuildFile; productRef = C1DFD3292A27D0C20001ABFC /* GoogleAPIClientForREST_Drive */; };
		C1DFD32C2A27D0DA0001ABFC /* GoogleAPIClientForREST_Drive in Frameworks */ = {isa = PBXBuildFile; productRef = C1DFD32B2A27D0DA0001ABFC /* GoogleAPIClientForREST_Drive */; };
		C1DFD32E2A27E8F80001ABFC /* CloudPhoto.swift in Sources */ = {isa = PBXBuildFile; fileRef = C1DFD32D2A27E8F80001ABFC /* CloudPhoto.swift */; };
		C1DFD32F2A27E8F90001ABFC /* CloudPhoto.swift in Sources */ = {isa = PBXBuildFile; fileRef = C1DFD32D2A27E8F80001ABFC /* CloudPhoto.swift */; };
		C1F6B8062A24DA6300D3A822 /* MediaSource.swift in Sources */ = {isa = PBXBuildFile; fileRef = C1F6B8052A24DA6300D3A822 /* MediaSource.swift */; };
		C1F6B8072A24DA6300D3A822 /* MediaSource.swift in Sources */ = {isa = PBXBuildFile; fileRef = C1F6B8052A24DA6300D3A822 /* MediaSource.swift */; };
		C1F6B8092A24DD5E00D3A822 /* PhotoAlbum.swift in Sources */ = {isa = PBXBuildFile; fileRef = C1F6B8082A24DD5E00D3A822 /* PhotoAlbum.swift */; };
		C1F6B80A2A24DD5E00D3A822 /* PhotoAlbum.swift in Sources */ = {isa = PBXBuildFile; fileRef = C1F6B8082A24DD5E00D3A822 /* PhotoAlbum.swift */; };
		C1F6B80C2A24DDD000D3A822 /* Photo.swift in Sources */ = {isa = PBXBuildFile; fileRef = C1F6B80B2A24DDD000D3A822 /* Photo.swift */; };
		C1F6B80D2A24DDD000D3A822 /* Photo.swift in Sources */ = {isa = PBXBuildFile; fileRef = C1F6B80B2A24DDD000D3A822 /* Photo.swift */; };
		C1F6B80F2A24DE7700D3A822 /* PhotoLocation.swift in Sources */ = {isa = PBXBuildFile; fileRef = C1F6B80E2A24DE7700D3A822 /* PhotoLocation.swift */; };
		C1F6B8102A24DE7700D3A822 /* PhotoLocation.swift in Sources */ = {isa = PBXBuildFile; fileRef = C1F6B80E2A24DE7700D3A822 /* PhotoLocation.swift */; };
		C1F6B8122A24DE9800D3A822 /* PhotoAudio.swift in Sources */ = {isa = PBXBuildFile; fileRef = C1F6B8112A24DE9800D3A822 /* PhotoAudio.swift */; };
		C1F6B8132A24DE9800D3A822 /* PhotoAudio.swift in Sources */ = {isa = PBXBuildFile; fileRef = C1F6B8112A24DE9800D3A822 /* PhotoAudio.swift */; };
		C1F6B8152A24FCCA00D3A822 /* FirebaseDatabaseServiceError.swift in Sources */ = {isa = PBXBuildFile; fileRef = C1F6B8142A24FCCA00D3A822 /* FirebaseDatabaseServiceError.swift */; };
		C1F6B8162A24FCCA00D3A822 /* FirebaseDatabaseServiceError.swift in Sources */ = {isa = PBXBuildFile; fileRef = C1F6B8142A24FCCA00D3A822 /* FirebaseDatabaseServiceError.swift */; };
		C1F6B8182A24FCF800D3A822 /* FirebaseDatabaseReferenceNames.swift in Sources */ = {isa = PBXBuildFile; fileRef = C1F6B8172A24FCF800D3A822 /* FirebaseDatabaseReferenceNames.swift */; };
		C1F6B8192A24FCF800D3A822 /* FirebaseDatabaseReferenceNames.swift in Sources */ = {isa = PBXBuildFile; fileRef = C1F6B8172A24FCF800D3A822 /* FirebaseDatabaseReferenceNames.swift */; };
		C1F6B81B2A25A7A000D3A822 /* HomeViewModel.swift in Sources */ = {isa = PBXBuildFile; fileRef = C1F6B81A2A25A7A000D3A822 /* HomeViewModel.swift */; };
		C1F6B81C2A25A7A000D3A822 /* HomeViewModel.swift in Sources */ = {isa = PBXBuildFile; fileRef = C1F6B81A2A25A7A000D3A822 /* HomeViewModel.swift */; };
		C1F6B81E2A25D74200D3A822 /* MediaSourceSelectionButton.swift in Sources */ = {isa = PBXBuildFile; fileRef = C1F6B81D2A25D74200D3A822 /* MediaSourceSelectionButton.swift */; };
		C1F6B81F2A25D74200D3A822 /* MediaSourceSelectionButton.swift in Sources */ = {isa = PBXBuildFile; fileRef = C1F6B81D2A25D74200D3A822 /* MediaSourceSelectionButton.swift */; };
		C1F6B8212A25FB9E00D3A822 /* UserPhotoService.swift in Sources */ = {isa = PBXBuildFile; fileRef = C1F6B8202A25FB9E00D3A822 /* UserPhotoService.swift */; };
		C1F6B8222A25FB9E00D3A822 /* UserPhotoService.swift in Sources */ = {isa = PBXBuildFile; fileRef = C1F6B8202A25FB9E00D3A822 /* UserPhotoService.swift */; };
		C1F6B8242A27659A00D3A822 /* PhotoView.swift in Sources */ = {isa = PBXBuildFile; fileRef = C1F6B8232A27659A00D3A822 /* PhotoView.swift */; };
		C1F6B8252A27659A00D3A822 /* PhotoView.swift in Sources */ = {isa = PBXBuildFile; fileRef = C1F6B8232A27659A00D3A822 /* PhotoView.swift */; };
/* End PBXBuildFile section */

/* Begin PBXFileReference section */
		C101B9DF29FA7D6F000192CD /* MyPhotoReviewer-Development.app */ = {isa = PBXFileReference; explicitFileType = wrapper.application; includeInIndex = 0; path = "MyPhotoReviewer-Development.app"; sourceTree = BUILT_PRODUCTS_DIR; };
		C101B9E129FA80B8000192CD /* EnvironmentManager.swift */ = {isa = PBXFileReference; lastKnownFileType = sourcecode.swift; path = EnvironmentManager.swift; sourceTree = "<group>"; };
		C101B9F429FA8721000192CD /* AppDelegate.swift */ = {isa = PBXFileReference; lastKnownFileType = sourcecode.swift; path = AppDelegate.swift; sourceTree = "<group>"; };
		C101BA0B29FC3C8B000192CD /* GoogleService-Info.plist */ = {isa = PBXFileReference; lastKnownFileType = text.plist.xml; path = "GoogleService-Info.plist"; sourceTree = "<group>"; };
		C101BA0C29FC3C99000192CD /* GoogleService-Info.plist */ = {isa = PBXFileReference; lastKnownFileType = text.plist.xml; path = "GoogleService-Info.plist"; sourceTree = "<group>"; };
		C101BA1E29FC4196000192CD /* UserRegistrationView.swift */ = {isa = PBXFileReference; lastKnownFileType = sourcecode.swift; path = UserRegistrationView.swift; sourceTree = "<group>"; };
		C101BA2129FC4294000192CD /* UserLoginView.swift */ = {isa = PBXFileReference; lastKnownFileType = sourcecode.swift; path = UserLoginView.swift; sourceTree = "<group>"; };
		C189C8DE29FCF7C3007C5FB3 /* Colors.xcassets */ = {isa = PBXFileReference; lastKnownFileType = folder.assetcatalog; path = Colors.xcassets; sourceTree = "<group>"; };
		C189C8E229FCF9BB007C5FB3 /* Color+CustomColors.swift */ = {isa = PBXFileReference; lastKnownFileType = sourcecode.swift; path = "Color+CustomColors.swift"; sourceTree = "<group>"; };
		C189C8E629FD0F20007C5FB3 /* FormTextField.swift */ = {isa = PBXFileReference; lastKnownFileType = sourcecode.swift; path = FormTextField.swift; sourceTree = "<group>"; };
		C189C8E929FD31FB007C5FB3 /* UserAuthenticationBackgroundArt.swift */ = {isa = PBXFileReference; lastKnownFileType = sourcecode.swift; path = UserAuthenticationBackgroundArt.swift; sourceTree = "<group>"; };
		C19948A72A024689004CD4A1 /* LaunchScreen.storyboard */ = {isa = PBXFileReference; lastKnownFileType = file.storyboard; path = LaunchScreen.storyboard; sourceTree = "<group>"; };
		C19948AA2A036A0F004CD4A1 /* ActivityIndicator.swift */ = {isa = PBXFileReference; lastKnownFileType = sourcecode.swift; path = ActivityIndicator.swift; sourceTree = "<group>"; };
		C19948AD2A036A9A004CD4A1 /* AlertView.swift */ = {isa = PBXFileReference; lastKnownFileType = sourcecode.swift; path = AlertView.swift; sourceTree = "<group>"; };
		C19948B02A036AC7004CD4A1 /* TypeAliases.swift */ = {isa = PBXFileReference; lastKnownFileType = sourcecode.swift; path = TypeAliases.swift; sourceTree = "<group>"; };
		C19948B32A036C24004CD4A1 /* UIDevice+ScreenSize.swift */ = {isa = PBXFileReference; lastKnownFileType = sourcecode.swift; path = "UIDevice+ScreenSize.swift"; sourceTree = "<group>"; };
		C19948B62A0371CD004CD4A1 /* OverlayContainerView.swift */ = {isa = PBXFileReference; lastKnownFileType = sourcecode.swift; path = OverlayContainerView.swift; sourceTree = "<group>"; };
		C19948B92A037223004CD4A1 /* AppContext.swift */ = {isa = PBXFileReference; lastKnownFileType = sourcecode.swift; path = AppContext.swift; sourceTree = "<group>"; };
		C19948BC2A038F73004CD4A1 /* UserProfileModel.swift */ = {isa = PBXFileReference; lastKnownFileType = sourcecode.swift; path = UserProfileModel.swift; sourceTree = "<group>"; };
		C19948BF2A03923F004CD4A1 /* RootView.swift */ = {isa = PBXFileReference; lastKnownFileType = sourcecode.swift; path = RootView.swift; sourceTree = "<group>"; };
		C19949062A067AC4004CD4A1 /* Localizable.strings */ = {isa = PBXFileReference; lastKnownFileType = text.plist.strings; path = Localizable.strings; sourceTree = "<group>"; };
		C19949092A068209004CD4A1 /* BaseViewModel.swift */ = {isa = PBXFileReference; lastKnownFileType = sourcecode.swift; path = BaseViewModel.swift; sourceTree = "<group>"; };
		C199490C2A06824D004CD4A1 /* LocalStorageService.swift */ = {isa = PBXFileReference; lastKnownFileType = sourcecode.swift; path = LocalStorageService.swift; sourceTree = "<group>"; };
		C199490F2A0683DA004CD4A1 /* UserAuthenticationViewModel.swift */ = {isa = PBXFileReference; lastKnownFileType = sourcecode.swift; path = UserAuthenticationViewModel.swift; sourceTree = "<group>"; };
		C1A983B029F3D80D00D83BBF /* MyPhotoReviewerApp.swift */ = {isa = PBXFileReference; lastKnownFileType = sourcecode.swift; path = MyPhotoReviewerApp.swift; sourceTree = "<group>"; };
		C1A983B229F3D80D00D83BBF /* HomeView.swift */ = {isa = PBXFileReference; lastKnownFileType = sourcecode.swift; path = HomeView.swift; sourceTree = "<group>"; };
		C1A983B429F3D80E00D83BBF /* Assets.xcassets */ = {isa = PBXFileReference; lastKnownFileType = folder.assetcatalog; path = Assets.xcassets; sourceTree = "<group>"; };
		C1A983B729F3D80E00D83BBF /* Preview Assets.xcassets */ = {isa = PBXFileReference; lastKnownFileType = folder.assetcatalog; path = "Preview Assets.xcassets"; sourceTree = "<group>"; };
		C1A983BD29F3D80E00D83BBF /* MyPhotoReviewerTests.xctest */ = {isa = PBXFileReference; explicitFileType = wrapper.cfbundle; includeInIndex = 0; path = MyPhotoReviewerTests.xctest; sourceTree = BUILT_PRODUCTS_DIR; };
		C1A983C129F3D80E00D83BBF /* MyPhotoReviewerTests.swift */ = {isa = PBXFileReference; lastKnownFileType = sourcecode.swift; path = MyPhotoReviewerTests.swift; sourceTree = "<group>"; };
		C1A983C729F3D80E00D83BBF /* MyPhotoReviewerUITests.xctest */ = {isa = PBXFileReference; explicitFileType = wrapper.cfbundle; includeInIndex = 0; path = MyPhotoReviewerUITests.xctest; sourceTree = BUILT_PRODUCTS_DIR; };
		C1A983CB29F3D80E00D83BBF /* MyPhotoReviewerUITests.swift */ = {isa = PBXFileReference; lastKnownFileType = sourcecode.swift; path = MyPhotoReviewerUITests.swift; sourceTree = "<group>"; };
		C1A983CD29F3D80E00D83BBF /* MyPhotoReviewerUITestsLaunchTests.swift */ = {isa = PBXFileReference; lastKnownFileType = sourcecode.swift; path = MyPhotoReviewerUITestsLaunchTests.swift; sourceTree = "<group>"; };
		C1B2CA522A122F2800D2AE04 /* UserAuthenticationProvider.swift */ = {isa = PBXFileReference; lastKnownFileType = sourcecode.swift; path = UserAuthenticationProvider.swift; sourceTree = "<group>"; };
		C1B2CA592A13420D00D2AE04 /* MyPhotoReviewer-Development-Info.plist */ = {isa = PBXFileReference; lastKnownFileType = text.plist.xml; path = "MyPhotoReviewer-Development-Info.plist"; sourceTree = "<group>"; };
		C1B2CAA12A15458600D2AE04 /* MyPhotoReviewer-Distribution.app */ = {isa = PBXFileReference; explicitFileType = wrapper.application; includeInIndex = 0; path = "MyPhotoReviewer-Distribution.app"; sourceTree = BUILT_PRODUCTS_DIR; };
		C1B2CAA42A157BC200D2AE04 /* MyPhotoReviewer-Development.entitlements */ = {isa = PBXFileReference; lastKnownFileType = text.plist.entitlements; path = "MyPhotoReviewer-Development.entitlements"; sourceTree = "<group>"; };
		C1B2CAA52A157CF000D2AE04 /* MyPhotoReviewer-Distribution.entitlements */ = {isa = PBXFileReference; fileEncoding = 4; lastKnownFileType = text.plist.entitlements; path = "MyPhotoReviewer-Distribution.entitlements"; sourceTree = "<group>"; };
		C1B2CAA92A157F4300D2AE04 /* MyPhotoReviewer-Distribution-Info.plist */ = {isa = PBXFileReference; fileEncoding = 4; lastKnownFileType = text.plist.xml; path = "MyPhotoReviewer-Distribution-Info.plist"; sourceTree = "<group>"; };
		C1CCBB622A1D230E0040C3BD /* FirebaseDatabaseService.swift */ = {isa = PBXFileReference; lastKnownFileType = sourcecode.swift; path = FirebaseDatabaseService.swift; sourceTree = "<group>"; };
		C1CCBB652A1D23200040C3BD /* FirebaseStorageService.swift */ = {isa = PBXFileReference; lastKnownFileType = sourcecode.swift; path = FirebaseStorageService.swift; sourceTree = "<group>"; };
		C1DFD3012A27A0010001ABFC /* GoogleDriveService-Info.plist */ = {isa = PBXFileReference; lastKnownFileType = text.plist.xml; path = "GoogleDriveService-Info.plist"; sourceTree = "<group>"; };
		C1DFD3022A27A00C0001ABFC /* GoogleDriveService-Info.plist */ = {isa = PBXFileReference; fileEncoding = 4; lastKnownFileType = text.plist.xml; path = "GoogleDriveService-Info.plist"; sourceTree = "<group>"; };
		C1DFD32D2A27E8F80001ABFC /* CloudPhoto.swift */ = {isa = PBXFileReference; lastKnownFileType = sourcecode.swift; path = CloudPhoto.swift; sourceTree = "<group>"; };
		C1F6B8052A24DA6300D3A822 /* MediaSource.swift */ = {isa = PBXFileReference; lastKnownFileType = sourcecode.swift; path = MediaSource.swift; sourceTree = "<group>"; };
		C1F6B8082A24DD5E00D3A822 /* PhotoAlbum.swift */ = {isa = PBXFileReference; lastKnownFileType = sourcecode.swift; path = PhotoAlbum.swift; sourceTree = "<group>"; };
		C1F6B80B2A24DDD000D3A822 /* Photo.swift */ = {isa = PBXFileReference; lastKnownFileType = sourcecode.swift; path = Photo.swift; sourceTree = "<group>"; };
		C1F6B80E2A24DE7700D3A822 /* PhotoLocation.swift */ = {isa = PBXFileReference; lastKnownFileType = sourcecode.swift; path = PhotoLocation.swift; sourceTree = "<group>"; };
		C1F6B8112A24DE9800D3A822 /* PhotoAudio.swift */ = {isa = PBXFileReference; lastKnownFileType = sourcecode.swift; path = PhotoAudio.swift; sourceTree = "<group>"; };
		C1F6B8142A24FCCA00D3A822 /* FirebaseDatabaseServiceError.swift */ = {isa = PBXFileReference; lastKnownFileType = sourcecode.swift; path = FirebaseDatabaseServiceError.swift; sourceTree = "<group>"; };
		C1F6B8172A24FCF800D3A822 /* FirebaseDatabaseReferenceNames.swift */ = {isa = PBXFileReference; lastKnownFileType = sourcecode.swift; path = FirebaseDatabaseReferenceNames.swift; sourceTree = "<group>"; };
		C1F6B81A2A25A7A000D3A822 /* HomeViewModel.swift */ = {isa = PBXFileReference; lastKnownFileType = sourcecode.swift; path = HomeViewModel.swift; sourceTree = "<group>"; };
		C1F6B81D2A25D74200D3A822 /* MediaSourceSelectionButton.swift */ = {isa = PBXFileReference; lastKnownFileType = sourcecode.swift; path = MediaSourceSelectionButton.swift; sourceTree = "<group>"; };
		C1F6B8202A25FB9E00D3A822 /* UserPhotoService.swift */ = {isa = PBXFileReference; lastKnownFileType = sourcecode.swift; path = UserPhotoService.swift; sourceTree = "<group>"; };
		C1F6B8232A27659A00D3A822 /* PhotoView.swift */ = {isa = PBXFileReference; lastKnownFileType = sourcecode.swift; path = PhotoView.swift; sourceTree = "<group>"; };
/* End PBXFileReference section */

/* Begin PBXFrameworksBuildPhase section */
		C101B9D829FA7D6F000192CD /* Frameworks */ = {
			isa = PBXFrameworksBuildPhase;
			buildActionMask = 2147483647;
			files = (
				C1B2CA582A1341ED00D2AE04 /* GoogleSignInSwift in Frameworks */,
				C101B9FD29FA886A000192CD /* FirebaseCrashlytics in Frameworks */,
				C1DFD3172A27CE750001ABFC /* GTMSessionFetcherCore in Frameworks */,
				C1B2CA562A1341ED00D2AE04 /* GoogleSignIn in Frameworks */,
				C1DFD31C2A27CEC50001ABFC /* GoogleAPIClientForRESTCore in Frameworks */,
				C101B9F929FA886A000192CD /* FirebaseAnalytics in Frameworks */,
				C1DFD3282A27CFAE0001ABFC /* GTMSessionFetcherLogView in Frameworks */,
				C1DFD3152A27CE750001ABFC /* GTMSessionFetcher in Frameworks */,
				C101BA0329FA886A000192CD /* FirebasePerformance in Frameworks */,
				C1DFD32A2A27D0C20001ABFC /* GoogleAPIClientForREST_Drive in Frameworks */,
				C101B9FF29FA886A000192CD /* FirebaseDatabase in Frameworks */,
				C1DFD3192A27CE750001ABFC /* GTMSessionFetcherFull in Frameworks */,
				C101BA0529FA886A000192CD /* FirebaseStorage in Frameworks */,
				C101BA0129FA886A000192CD /* FirebaseFirestore in Frameworks */,
				C101B9FB29FA886A000192CD /* FirebaseAuth in Frameworks */,
			);
			runOnlyForDeploymentPostprocessing = 0;
		};
		C1A983BA29F3D80E00D83BBF /* Frameworks */ = {
			isa = PBXFrameworksBuildPhase;
			buildActionMask = 2147483647;
			files = (
			);
			runOnlyForDeploymentPostprocessing = 0;
		};
		C1A983C429F3D80E00D83BBF /* Frameworks */ = {
			isa = PBXFrameworksBuildPhase;
			buildActionMask = 2147483647;
			files = (
			);
			runOnlyForDeploymentPostprocessing = 0;
		};
		C1B2CA8D2A15458600D2AE04 /* Frameworks */ = {
			isa = PBXFrameworksBuildPhase;
			buildActionMask = 2147483647;
			files = (
				C1DFD3262A27CF980001ABFC /* GoogleAPIClientForRESTCore in Frameworks */,
				C1B2CA8E2A15458600D2AE04 /* GoogleSignInSwift in Frameworks */,
				C1B2CA8F2A15458600D2AE04 /* FirebaseCrashlytics in Frameworks */,
				C1B2CA902A15458600D2AE04 /* GoogleSignIn in Frameworks */,
				C1DFD3202A27CF3F0001ABFC /* GTMSessionFetcherCore in Frameworks */,
				C1B2CA912A15458600D2AE04 /* FirebaseAnalytics in Frameworks */,
				C1DFD31E2A27CF3F0001ABFC /* GTMSessionFetcher in Frameworks */,
				C1B2CA922A15458600D2AE04 /* FirebasePerformance in Frameworks */,
				C1B2CA932A15458600D2AE04 /* FirebaseDatabase in Frameworks */,
				C1DFD32C2A27D0DA0001ABFC /* GoogleAPIClientForREST_Drive in Frameworks */,
				C1B2CA942A15458600D2AE04 /* FirebaseStorage in Frameworks */,
				C1DFD3222A27CF3F0001ABFC /* GTMSessionFetcherFull in Frameworks */,
				C1B2CA952A15458600D2AE04 /* FirebaseFirestore in Frameworks */,
				C1DFD3242A27CF3F0001ABFC /* GTMSessionFetcherLogView in Frameworks */,
				C1B2CA962A15458600D2AE04 /* FirebaseAuth in Frameworks */,
			);
			runOnlyForDeploymentPostprocessing = 0;
		};
/* End PBXFrameworksBuildPhase section */

/* Begin PBXGroup section */
		C101B9E029FA808D000192CD /* Managers */ = {
			isa = PBXGroup;
			children = (
				C101B9E129FA80B8000192CD /* EnvironmentManager.swift */,
			);
			path = Managers;
			sourceTree = "<group>";
		};
		C101BA0929FC3B4B000192CD /* Dev */ = {
			isa = PBXGroup;
			children = (
				C101BA0C29FC3C99000192CD /* GoogleService-Info.plist */,
			);
			path = Dev;
			sourceTree = "<group>";
		};
		C101BA0A29FC3B5A000192CD /* Prod */ = {
			isa = PBXGroup;
			children = (
				C101BA0B29FC3C8B000192CD /* GoogleService-Info.plist */,
			);
			path = Prod;
			sourceTree = "<group>";
		};
		C101BA0D29FC3E75000192CD /* Frameworks */ = {
			isa = PBXGroup;
			children = (
			);
			name = Frameworks;
			sourceTree = "<group>";
		};
		C101BA1D29FC4166000192CD /* UserAuthenticationViews */ = {
			isa = PBXGroup;
			children = (
				C101BA2129FC4294000192CD /* UserLoginView.swift */,
				C101BA1E29FC4196000192CD /* UserRegistrationView.swift */,
				C189C8E929FD31FB007C5FB3 /* UserAuthenticationBackgroundArt.swift */,
			);
			path = UserAuthenticationViews;
			sourceTree = "<group>";
		};
		C189C8E129FCF9A3007C5FB3 /* Extensions */ = {
			isa = PBXGroup;
			children = (
				C189C8E229FCF9BB007C5FB3 /* Color+CustomColors.swift */,
				C19948B32A036C24004CD4A1 /* UIDevice+ScreenSize.swift */,
			);
			path = Extensions;
			sourceTree = "<group>";
		};
		C189C8E529FD0EF3007C5FB3 /* Components */ = {
			isa = PBXGroup;
			children = (
				C189C8E629FD0F20007C5FB3 /* FormTextField.swift */,
				C19948AA2A036A0F004CD4A1 /* ActivityIndicator.swift */,
				C19948AD2A036A9A004CD4A1 /* AlertView.swift */,
				C19948B62A0371CD004CD4A1 /* OverlayContainerView.swift */,
			);
			path = Components;
			sourceTree = "<group>";
		};
		C19949052A067AA7004CD4A1 /* Localization */ = {
			isa = PBXGroup;
			children = (
				C19949062A067AC4004CD4A1 /* Localizable.strings */,
			);
			path = Localization;
			sourceTree = "<group>";
		};
		C1A983A429F3D80D00D83BBF = {
			isa = PBXGroup;
			children = (
				C1A983AF29F3D80D00D83BBF /* MyPhotoReviewer */,
				C1A983C029F3D80E00D83BBF /* MyPhotoReviewerTests */,
				C1A983CA29F3D80E00D83BBF /* MyPhotoReviewerUITests */,
				C1A983AE29F3D80D00D83BBF /* Products */,
				C101BA0D29FC3E75000192CD /* Frameworks */,
			);
			sourceTree = "<group>";
		};
		C1A983AE29F3D80D00D83BBF /* Products */ = {
			isa = PBXGroup;
			children = (
				C1A983BD29F3D80E00D83BBF /* MyPhotoReviewerTests.xctest */,
				C1A983C729F3D80E00D83BBF /* MyPhotoReviewerUITests.xctest */,
				C101B9DF29FA7D6F000192CD /* MyPhotoReviewer-Development.app */,
				C1B2CAA12A15458600D2AE04 /* MyPhotoReviewer-Distribution.app */,
			);
			name = Products;
			sourceTree = "<group>";
		};
		C1A983AF29F3D80D00D83BBF /* MyPhotoReviewer */ = {
			isa = PBXGroup;
			children = (
				C1A983DA29F3D8A600D83BBF /* Application */,
				C1DFD2FE2A279FCD0001ABFC /* GoogleDrive */,
				C1A983E129F3D8FC00D83BBF /* Firebase */,
				C1A983DB29F3D8B100D83BBF /* Views */,
				C1A983DE29F3D8CD00D83BBF /* ViewModels */,
				C1A983DD29F3D8C200D83BBF /* Models */,
				C1A983DF29F3D8D400D83BBF /* Services */,
				C101B9E029FA808D000192CD /* Managers */,
				C19949052A067AA7004CD4A1 /* Localization */,
				C1A983B629F3D80E00D83BBF /* Preview Content */,
			);
			path = MyPhotoReviewer;
			sourceTree = "<group>";
		};
		C1A983B629F3D80E00D83BBF /* Preview Content */ = {
			isa = PBXGroup;
			children = (
				C1A983B729F3D80E00D83BBF /* Preview Assets.xcassets */,
			);
			path = "Preview Content";
			sourceTree = "<group>";
		};
		C1A983C029F3D80E00D83BBF /* MyPhotoReviewerTests */ = {
			isa = PBXGroup;
			children = (
				C1A983C129F3D80E00D83BBF /* MyPhotoReviewerTests.swift */,
			);
			path = MyPhotoReviewerTests;
			sourceTree = "<group>";
		};
		C1A983CA29F3D80E00D83BBF /* MyPhotoReviewerUITests */ = {
			isa = PBXGroup;
			children = (
				C1A983CB29F3D80E00D83BBF /* MyPhotoReviewerUITests.swift */,
				C1A983CD29F3D80E00D83BBF /* MyPhotoReviewerUITestsLaunchTests.swift */,
			);
			path = MyPhotoReviewerUITests;
			sourceTree = "<group>";
		};
		C1A983DA29F3D8A600D83BBF /* Application */ = {
			isa = PBXGroup;
			children = (
				C1AF0BAF2A0F640500C6853F /* Entitlements */,
				C1A983B029F3D80D00D83BBF /* MyPhotoReviewerApp.swift */,
				C19948BF2A03923F004CD4A1 /* RootView.swift */,
				C101B9F429FA8721000192CD /* AppDelegate.swift */,
				C19948B02A036AC7004CD4A1 /* TypeAliases.swift */,
				C19948B92A037223004CD4A1 /* AppContext.swift */,
				C1B2CA592A13420D00D2AE04 /* MyPhotoReviewer-Development-Info.plist */,
				C1B2CAA92A157F4300D2AE04 /* MyPhotoReviewer-Distribution-Info.plist */,
			);
			path = Application;
			sourceTree = "<group>";
		};
		C1A983DB29F3D8B100D83BBF /* Views */ = {
			isa = PBXGroup;
			children = (
				C189C8E529FD0EF3007C5FB3 /* Components */,
				C189C8E129FCF9A3007C5FB3 /* Extensions */,
				C1A983DC29F3D8B800D83BBF /* Assets */,
				C101BA1D29FC4166000192CD /* UserAuthenticationViews */,
				C1A983E229F3DB1F00D83BBF /* HomeView */,
				C1A983E329F3DB2D00D83BBF /* PhotoDetailsView */,
				C1A983E429F3DB3F00D83BBF /* PhotoSlideShowView */,
			);
			path = Views;
			sourceTree = "<group>";
		};
		C1A983DC29F3D8B800D83BBF /* Assets */ = {
			isa = PBXGroup;
			children = (
				C1A983B429F3D80E00D83BBF /* Assets.xcassets */,
				C189C8DE29FCF7C3007C5FB3 /* Colors.xcassets */,
				C19948A72A024689004CD4A1 /* LaunchScreen.storyboard */,
			);
			path = Assets;
			sourceTree = "<group>";
		};
		C1A983DD29F3D8C200D83BBF /* Models */ = {
			isa = PBXGroup;
			children = (
				C1B2CA522A122F2800D2AE04 /* UserAuthenticationProvider.swift */,
				C19948BC2A038F73004CD4A1 /* UserProfileModel.swift */,
				C1F6B8052A24DA6300D3A822 /* MediaSource.swift */,
				C1F6B8082A24DD5E00D3A822 /* PhotoAlbum.swift */,
				C1F6B80B2A24DDD000D3A822 /* Photo.swift */,
				C1DFD32D2A27E8F80001ABFC /* CloudPhoto.swift */,
				C1F6B8112A24DE9800D3A822 /* PhotoAudio.swift */,
				C1F6B80E2A24DE7700D3A822 /* PhotoLocation.swift */,
			);
			path = Models;
			sourceTree = "<group>";
		};
		C1A983DE29F3D8CD00D83BBF /* ViewModels */ = {
			isa = PBXGroup;
			children = (
				C19949092A068209004CD4A1 /* BaseViewModel.swift */,
				C199490F2A0683DA004CD4A1 /* UserAuthenticationViewModel.swift */,
				C1F6B81A2A25A7A000D3A822 /* HomeViewModel.swift */,
			);
			path = ViewModels;
			sourceTree = "<group>";
		};
		C1A983DF29F3D8D400D83BBF /* Services */ = {
			isa = PBXGroup;
			children = (
				C199490C2A06824D004CD4A1 /* LocalStorageService.swift */,
				C1CCBB622A1D230E0040C3BD /* FirebaseDatabaseService.swift */,
				C1F6B8172A24FCF800D3A822 /* FirebaseDatabaseReferenceNames.swift */,
				C1F6B8142A24FCCA00D3A822 /* FirebaseDatabaseServiceError.swift */,
				C1CCBB652A1D23200040C3BD /* FirebaseStorageService.swift */,
				C1F6B8202A25FB9E00D3A822 /* UserPhotoService.swift */,
			);
			path = Services;
			sourceTree = "<group>";
		};
		C1A983E129F3D8FC00D83BBF /* Firebase */ = {
			isa = PBXGroup;
			children = (
				C101BA0929FC3B4B000192CD /* Dev */,
				C101BA0A29FC3B5A000192CD /* Prod */,
			);
			path = Firebase;
			sourceTree = "<group>";
		};
		C1A983E229F3DB1F00D83BBF /* HomeView */ = {
			isa = PBXGroup;
			children = (
				C1A983B229F3D80D00D83BBF /* HomeView.swift */,
				C1F6B8232A27659A00D3A822 /* PhotoView.swift */,
				C1F6B81D2A25D74200D3A822 /* MediaSourceSelectionButton.swift */,
			);
			path = HomeView;
			sourceTree = "<group>";
		};
		C1A983E329F3DB2D00D83BBF /* PhotoDetailsView */ = {
			isa = PBXGroup;
			children = (
			);
			path = PhotoDetailsView;
			sourceTree = "<group>";
		};
		C1A983E429F3DB3F00D83BBF /* PhotoSlideShowView */ = {
			isa = PBXGroup;
			children = (
			);
			path = PhotoSlideShowView;
			sourceTree = "<group>";
		};
		C1AF0BAF2A0F640500C6853F /* Entitlements */ = {
			isa = PBXGroup;
			children = (
				C1B2CAA42A157BC200D2AE04 /* MyPhotoReviewer-Development.entitlements */,
				C1B2CAA52A157CF000D2AE04 /* MyPhotoReviewer-Distribution.entitlements */,
			);
			path = Entitlements;
			sourceTree = "<group>";
		};
		C1DFD2FE2A279FCD0001ABFC /* GoogleDrive */ = {
			isa = PBXGroup;
			children = (
				C1DFD3002A279FE70001ABFC /* Dev */,
				C1DFD2FF2A279FE10001ABFC /* Prod */,
			);
			path = GoogleDrive;
			sourceTree = "<group>";
		};
		C1DFD2FF2A279FE10001ABFC /* Prod */ = {
			isa = PBXGroup;
			children = (
				C1DFD3012A27A0010001ABFC /* GoogleDriveService-Info.plist */,
			);
			path = Prod;
			sourceTree = "<group>";
		};
		C1DFD3002A279FE70001ABFC /* Dev */ = {
			isa = PBXGroup;
			children = (
				C1DFD3022A27A00C0001ABFC /* GoogleDriveService-Info.plist */,
			);
			path = Dev;
			sourceTree = "<group>";
		};
/* End PBXGroup section */

/* Begin PBXNativeTarget section */
		C101B9D429FA7D6F000192CD /* MyPhotoReviewer-Development */ = {
			isa = PBXNativeTarget;
			buildConfigurationList = C101B9DC29FA7D6F000192CD /* Build configuration list for PBXNativeTarget "MyPhotoReviewer-Development" */;
			buildPhases = (
				C101B9D529FA7D6F000192CD /* Sources */,
				C101B9D829FA7D6F000192CD /* Frameworks */,
				C101BA0829FC3AEB000192CD /* Setup Firebase Environment GoogleService-Info.plist */,
				C1DFD3062A27A3F20001ABFC /* Setup Google Drive Environment GoogleDriveService-Info.plist  */,
				C101B9D929FA7D6F000192CD /* Resources */,
			);
			buildRules = (
			);
			dependencies = (
			);
			name = "MyPhotoReviewer-Development";
			packageProductDependencies = (
				C101B9F829FA886A000192CD /* FirebaseAnalytics */,
				C101B9FA29FA886A000192CD /* FirebaseAuth */,
				C101B9FC29FA886A000192CD /* FirebaseCrashlytics */,
				C101B9FE29FA886A000192CD /* FirebaseDatabase */,
				C101BA0029FA886A000192CD /* FirebaseFirestore */,
				C101BA0229FA886A000192CD /* FirebasePerformance */,
				C101BA0429FA886A000192CD /* FirebaseStorage */,
				C1B2CA552A1341ED00D2AE04 /* GoogleSignIn */,
				C1B2CA572A1341ED00D2AE04 /* GoogleSignInSwift */,
				C1DFD3142A27CE750001ABFC /* GTMSessionFetcher */,
				C1DFD3162A27CE750001ABFC /* GTMSessionFetcherCore */,
				C1DFD3182A27CE750001ABFC /* GTMSessionFetcherFull */,
				C1DFD31B2A27CEC50001ABFC /* GoogleAPIClientForRESTCore */,
				C1DFD3272A27CFAE0001ABFC /* GTMSessionFetcherLogView */,
				C1DFD3292A27D0C20001ABFC /* GoogleAPIClientForREST_Drive */,
			);
			productName = MyPhotoReviewer;
			productReference = C101B9DF29FA7D6F000192CD /* MyPhotoReviewer-Development.app */;
			productType = "com.apple.product-type.application";
		};
		C1A983BC29F3D80E00D83BBF /* MyPhotoReviewerTests */ = {
			isa = PBXNativeTarget;
			buildConfigurationList = C1A983D429F3D80E00D83BBF /* Build configuration list for PBXNativeTarget "MyPhotoReviewerTests" */;
			buildPhases = (
				C1A983B929F3D80E00D83BBF /* Sources */,
				C1A983BA29F3D80E00D83BBF /* Frameworks */,
				C1A983BB29F3D80E00D83BBF /* Resources */,
			);
			buildRules = (
			);
			dependencies = (
			);
			name = MyPhotoReviewerTests;
			productName = MyPhotoReviewerTests;
			productReference = C1A983BD29F3D80E00D83BBF /* MyPhotoReviewerTests.xctest */;
			productType = "com.apple.product-type.bundle.unit-test";
		};
		C1A983C629F3D80E00D83BBF /* MyPhotoReviewerUITests */ = {
			isa = PBXNativeTarget;
			buildConfigurationList = C1A983D729F3D80E00D83BBF /* Build configuration list for PBXNativeTarget "MyPhotoReviewerUITests" */;
			buildPhases = (
				C1A983C329F3D80E00D83BBF /* Sources */,
				C1A983C429F3D80E00D83BBF /* Frameworks */,
				C1A983C529F3D80E00D83BBF /* Resources */,
			);
			buildRules = (
			);
			dependencies = (
			);
			name = MyPhotoReviewerUITests;
			productName = MyPhotoReviewerUITests;
			productReference = C1A983C729F3D80E00D83BBF /* MyPhotoReviewerUITests.xctest */;
			productType = "com.apple.product-type.bundle.ui-testing";
		};
		C1B2CA6B2A15458600D2AE04 /* MyPhotoReviewer-Distribution */ = {
			isa = PBXNativeTarget;
			buildConfigurationList = C1B2CA9E2A15458600D2AE04 /* Build configuration list for PBXNativeTarget "MyPhotoReviewer-Distribution" */;
			buildPhases = (
				C1B2CA772A15458600D2AE04 /* Sources */,
				C1B2CA8D2A15458600D2AE04 /* Frameworks */,
				C1B2CA972A15458600D2AE04 /* Setup Firebase Environment GoogleService-Info.plist */,
				C1DFD3042A27A0400001ABFC /* Setup Google Drive Environment GoogleDriveService-Info.plist  */,
				C1B2CA982A15458600D2AE04 /* Resources */,
			);
			buildRules = (
			);
			dependencies = (
			);
			name = "MyPhotoReviewer-Distribution";
			packageProductDependencies = (
				C1B2CA6C2A15458600D2AE04 /* FirebaseAnalytics */,
				C1B2CA6E2A15458600D2AE04 /* FirebaseAuth */,
				C1B2CA6F2A15458600D2AE04 /* FirebaseCrashlytics */,
				C1B2CA702A15458600D2AE04 /* FirebaseDatabase */,
				C1B2CA712A15458600D2AE04 /* FirebaseFirestore */,
				C1B2CA722A15458600D2AE04 /* FirebasePerformance */,
				C1B2CA732A15458600D2AE04 /* FirebaseStorage */,
				C1B2CA742A15458600D2AE04 /* GoogleSignIn */,
				C1B2CA762A15458600D2AE04 /* GoogleSignInSwift */,
				C1DFD31D2A27CF3F0001ABFC /* GTMSessionFetcher */,
				C1DFD31F2A27CF3F0001ABFC /* GTMSessionFetcherCore */,
				C1DFD3212A27CF3F0001ABFC /* GTMSessionFetcherFull */,
				C1DFD3232A27CF3F0001ABFC /* GTMSessionFetcherLogView */,
				C1DFD3252A27CF980001ABFC /* GoogleAPIClientForRESTCore */,
				C1DFD32B2A27D0DA0001ABFC /* GoogleAPIClientForREST_Drive */,
			);
			productName = MyPhotoReviewer;
			productReference = C1B2CAA12A15458600D2AE04 /* MyPhotoReviewer-Distribution.app */;
			productType = "com.apple.product-type.application";
		};
/* End PBXNativeTarget section */

/* Begin PBXProject section */
		C1A983A529F3D80D00D83BBF /* Project object */ = {
			isa = PBXProject;
			attributes = {
				BuildIndependentTargetsInParallel = 1;
				LastSwiftUpdateCheck = 1430;
				LastUpgradeCheck = 1430;
				TargetAttributes = {
					C1A983BC29F3D80E00D83BBF = {
						CreatedOnToolsVersion = 14.3;
						TestTargetID = C1A983AC29F3D80D00D83BBF;
					};
					C1A983C629F3D80E00D83BBF = {
						CreatedOnToolsVersion = 14.3;
						TestTargetID = C1A983AC29F3D80D00D83BBF;
					};
				};
			};
			buildConfigurationList = C1A983A829F3D80D00D83BBF /* Build configuration list for PBXProject "MyPhotoReviewer" */;
			compatibilityVersion = "Xcode 14.0";
			developmentRegion = en;
			hasScannedForEncodings = 0;
			knownRegions = (
				en,
				Base,
			);
			mainGroup = C1A983A429F3D80D00D83BBF;
			packageReferences = (
				C101B9F729FA886A000192CD /* XCRemoteSwiftPackageReference "firebase-ios-sdk" */,
				C1B2CA542A1341ED00D2AE04 /* XCRemoteSwiftPackageReference "GoogleSignIn-iOS" */,
				C1DFD3132A27CE750001ABFC /* XCRemoteSwiftPackageReference "gtm-session-fetcher" */,
				C1DFD31A2A27CEC40001ABFC /* XCRemoteSwiftPackageReference "google-api-objectivec-client-for-rest" */,
			);
			productRefGroup = C1A983AE29F3D80D00D83BBF /* Products */;
			projectDirPath = "";
			projectRoot = "";
			targets = (
				C101B9D429FA7D6F000192CD /* MyPhotoReviewer-Development */,
				C1B2CA6B2A15458600D2AE04 /* MyPhotoReviewer-Distribution */,
				C1A983BC29F3D80E00D83BBF /* MyPhotoReviewerTests */,
				C1A983C629F3D80E00D83BBF /* MyPhotoReviewerUITests */,
			);
		};
/* End PBXProject section */

/* Begin PBXResourcesBuildPhase section */
		C101B9D929FA7D6F000192CD /* Resources */ = {
			isa = PBXResourcesBuildPhase;
			buildActionMask = 2147483647;
			files = (
				C19949072A067AC4004CD4A1 /* Localizable.strings in Resources */,
				C189C8DF29FCF7C3007C5FB3 /* Colors.xcassets in Resources */,
				C1DFD3032A27A00C0001ABFC /* GoogleDriveService-Info.plist in Resources */,
				C19948A82A024689004CD4A1 /* LaunchScreen.storyboard in Resources */,
				C101B9DA29FA7D6F000192CD /* Preview Assets.xcassets in Resources */,
				C1B2CAA82A157D5C00D2AE04 /* MyPhotoReviewer-Development-Info.plist in Resources */,
				C101B9DB29FA7D6F000192CD /* Assets.xcassets in Resources */,
			);
			runOnlyForDeploymentPostprocessing = 0;
		};
		C1A983BB29F3D80E00D83BBF /* Resources */ = {
			isa = PBXResourcesBuildPhase;
			buildActionMask = 2147483647;
			files = (
			);
			runOnlyForDeploymentPostprocessing = 0;
		};
		C1A983C529F3D80E00D83BBF /* Resources */ = {
			isa = PBXResourcesBuildPhase;
			buildActionMask = 2147483647;
			files = (
			);
			runOnlyForDeploymentPostprocessing = 0;
		};
		C1B2CA982A15458600D2AE04 /* Resources */ = {
			isa = PBXResourcesBuildPhase;
			buildActionMask = 2147483647;
			files = (
				C1B2CA992A15458600D2AE04 /* Localizable.strings in Resources */,
				C1B2CA9A2A15458600D2AE04 /* Colors.xcassets in Resources */,
				C1B2CAAA2A157F4300D2AE04 /* MyPhotoReviewer-Distribution-Info.plist in Resources */,
				C1B2CA9B2A15458600D2AE04 /* LaunchScreen.storyboard in Resources */,
				C1B2CA9C2A15458600D2AE04 /* Preview Assets.xcassets in Resources */,
				C1B2CA9D2A15458600D2AE04 /* Assets.xcassets in Resources */,
			);
			runOnlyForDeploymentPostprocessing = 0;
		};
/* End PBXResourcesBuildPhase section */

/* Begin PBXShellScriptBuildPhase section */
		C101BA0829FC3AEB000192CD /* Setup Firebase Environment GoogleService-Info.plist */ = {
			isa = PBXShellScriptBuildPhase;
			alwaysOutOfDate = 1;
			buildActionMask = 2147483647;
			files = (
			);
			inputFileListPaths = (
			);
			inputPaths = (
			);
			name = "Setup Firebase Environment GoogleService-Info.plist";
			outputFileListPaths = (
			);
			outputPaths = (
			);
			runOnlyForDeploymentPostprocessing = 0;
			shellPath = /bin/sh;
			shellScript = "# Name of the resource we're selectively copying\nGOOGLESERVICE_INFO_PLIST=GoogleService-Info.plist\nTARGET=\"MyPhotoReviewer\"\n\n# Get references to dev and prod versions of the GoogleService-Info.plist\n# NOTE: These should only live on the file system and should NOT be part of the target (since we'll be adding them to the target manually)\nGOOGLESERVICE_INFO_DEV=${PROJECT_DIR}/${TARGET}/Firebase/Dev/${GOOGLESERVICE_INFO_PLIST}\nGOOGLESERVICE_INFO_RELEASE=${PROJECT_DIR}/${TARGET}/Firebase/Prod/${GOOGLESERVICE_INFO_PLIST}\n\n# Make sure the dev version of GoogleService-Info.plist exists\necho \"Looking for ${GOOGLESERVICE_INFO_PLIST} in ${GOOGLESERVICE_INFO_DEV}\"\nif [ ! -f $GOOGLESERVICE_INFO_DEV ]\nthen\necho \"No Development GoogleService-Info.plist found. Please ensure it's in the proper directory.\"\nexit 1\nfi\n\n# Make sure the prod version of GoogleService-Info.plist exists\necho \"Looking for ${GOOGLESERVICE_INFO_PLIST} in ${GOOGLESERVICE_INFO_RELEASE}\"\nif [ ! -f $GOOGLESERVICE_INFO_RELEASE ]\nthen\necho \"No Production GoogleService-Info.plist found. Please ensure it's in the proper directory.\"\nexit 1\nfi\n\n# Get a reference to the destination location for the GoogleService-Info.plist\nPLIST_DESTINATION=${BUILT_PRODUCTS_DIR}/${PRODUCT_NAME}.app\necho \"Will copy ${GOOGLESERVICE_INFO_PLIST} to final destination: ${PLIST_DESTINATION}\"\n\n# Copy over the prod GoogleService-Info.plist for Release builds\nif [ \"${CONFIGURATION}\" == \"Debug\" ]\nthen\necho \"Using ${GOOGLESERVICE_INFO_DEV}\"\ncp \"${GOOGLESERVICE_INFO_DEV}\" \"${PLIST_DESTINATION}\"\nelif [ \"${CONFIGURATION}\" == \"Release\" ]\nthen\necho \"Using ${GOOGLESERVICE_INFO_RELEASE}\"\ncp \"${GOOGLESERVICE_INFO_RELEASE}\" \"${PLIST_DESTINATION}\"\nfi  \n";
		};
		C1B2CA972A15458600D2AE04 /* Setup Firebase Environment GoogleService-Info.plist */ = {
			isa = PBXShellScriptBuildPhase;
			alwaysOutOfDate = 1;
			buildActionMask = 2147483647;
			files = (
			);
			inputFileListPaths = (
			);
			inputPaths = (
			);
			name = "Setup Firebase Environment GoogleService-Info.plist";
			outputFileListPaths = (
			);
			outputPaths = (
			);
			runOnlyForDeploymentPostprocessing = 0;
			shellPath = /bin/sh;
			shellScript = "# Name of the resource we're selectively copying\nGOOGLESERVICE_INFO_PLIST=GoogleService-Info.plist\nTARGET=\"MyPhotoReviewer\"\n\n# Get references to dev and prod versions of the GoogleService-Info.plist\n# NOTE: These should only live on the file system and should NOT be part of the target (since we'll be adding them to the target manually)\nGOOGLESERVICE_INFO_DEV=${PROJECT_DIR}/${TARGET}/Firebase/Dev/${GOOGLESERVICE_INFO_PLIST}\nGOOGLESERVICE_INFO_RELEASE=${PROJECT_DIR}/${TARGET}/Firebase/Prod/${GOOGLESERVICE_INFO_PLIST}\n\n# Make sure the dev version of GoogleService-Info.plist exists\necho \"Looking for ${GOOGLESERVICE_INFO_PLIST} in ${GOOGLESERVICE_INFO_DEV}\"\nif [ ! -f $GOOGLESERVICE_INFO_DEV ]\nthen\necho \"No Development GoogleService-Info.plist found. Please ensure it's in the proper directory.\"\nexit 1\nfi\n\n# Make sure the prod version of GoogleService-Info.plist exists\necho \"Looking for ${GOOGLESERVICE_INFO_PLIST} in ${GOOGLESERVICE_INFO_RELEASE}\"\nif [ ! -f $GOOGLESERVICE_INFO_RELEASE ]\nthen\necho \"No Production GoogleService-Info.plist found. Please ensure it's in the proper directory.\"\nexit 1\nfi\n\n# Get a reference to the destination location for the GoogleService-Info.plist\nPLIST_DESTINATION=${BUILT_PRODUCTS_DIR}/${PRODUCT_NAME}.app\necho \"Will copy ${GOOGLESERVICE_INFO_PLIST} to final destination: ${PLIST_DESTINATION}\"\n\n# Copy over the prod GoogleService-Info.plist for Release builds\nif [ \"${CONFIGURATION}\" == \"Debug\" ]\nthen\necho \"Using ${GOOGLESERVICE_INFO_DEV}\"\ncp \"${GOOGLESERVICE_INFO_DEV}\" \"${PLIST_DESTINATION}\"\nelif [ \"${CONFIGURATION}\" == \"Release\" ]\nthen\necho \"Using ${GOOGLESERVICE_INFO_RELEASE}\"\ncp \"${GOOGLESERVICE_INFO_RELEASE}\" \"${PLIST_DESTINATION}\"\nfi  \n";
		};
		C1DFD3042A27A0400001ABFC /* Setup Google Drive Environment GoogleDriveService-Info.plist  */ = {
			isa = PBXShellScriptBuildPhase;
			alwaysOutOfDate = 1;
			buildActionMask = 2147483647;
			files = (
			);
			inputFileListPaths = (
			);
			inputPaths = (
			);
			name = "Setup Google Drive Environment GoogleDriveService-Info.plist ";
			outputFileListPaths = (
			);
			outputPaths = (
			);
			runOnlyForDeploymentPostprocessing = 0;
			shellPath = /bin/sh;
			shellScript = "# Type a script or drag a script file from your workspace to insert its path.\n# Name of the resource we're selectively copying\nGOOGLEDRIVE_SERVICE_INFO_PLIST=GoogleDriveService-Info.plist\nTARGET=\"MyPhotoReviewer\"\n\n# Get references to dev and prod versions of the GoogleDriveService-Info.plist\n# NOTE: These should only live on the file system and should NOT be part of the target (since we'll be adding them to the target manually)\nGOOGLEDRIVE_SERVICE_INFO_DEV=${PROJECT_DIR}/${TARGET}/GoogleDrive/Dev/${GOOGLEDRIVE_SERVICE_INFO_PLIST}\nGOOGLEDRIVE_SERVICE_INFO_RELEASE=${PROJECT_DIR}/${TARGET}/GoogleDrive/Prod/${GOOGLEDRIVE_SERVICE_INFO_PLIST}\n\n# Make sure the dev version of GoogleDriveService-Info.plist exists\necho \"Looking for ${GOOGLEDRIVE_SERVICE_INFO_PLIST} in ${GOOGLEDRIVE_SERVICE_INFO_DEV}\"\nif [ ! -f $GOOGLEDRIVE_SERVICE_INFO_DEV ]\nthen\necho \"No Development GoogleDriveService.plist found. Please ensure it's in the proper directory.\"\nexit 1\nfi\n\n# Make sure the prod version of GoogleDriveService-Info.plist exists\necho \"Looking for ${GOOGLEDRIVE_SERVICE_INFO_PLIST} in ${GOOGLEDRIVE_SERVICE_INFO_RELEASE}\"\nif [ ! -f $GOOGLEDRIVE_SERVICE_INFO_RELEASE ]\nthen\necho \"No Production GoogleDriveService.plist found. Please ensure it's in the proper directory.\"\nexit 1\nfi\n\n# Get a reference to the destination location for the GoogleDriveService-Info.plist\nPLIST_DESTINATION=${BUILT_PRODUCTS_DIR}/${PRODUCT_NAME}.app\necho \"Will copy ${GOOGLEDRIVE_SERVICE_INFO_PLIST} to final destination: ${PLIST_DESTINATION}\"\n\n# Copy over the prod GoogleDriveService-Info.plist for Release builds\nif [ \"${CONFIGURATION}\" == \"Debug\" ]\nthen\necho \"Using ${GOOGLEDRIVE_SERVICE_INFO_DEV}\"\ncp \"${GOOGLEDRIVE_SERVICE_INFO_DEV}\" \"${PLIST_DESTINATION}\"\nelif [ \"${CONFIGURATION}\" == \"Release\" ]\nthen\necho \"Using ${GOOGLEDRIVE_SERVICE_INFO_RELEASE}\"\ncp \"${GOOGLEDRIVE_SERVICE_INFO_RELEASE}\" \"${PLIST_DESTINATION}\"\nfi  \n";
		};
		C1DFD3062A27A3F20001ABFC /* Setup Google Drive Environment GoogleDriveService-Info.plist  */ = {
			isa = PBXShellScriptBuildPhase;
			buildActionMask = 2147483647;
			files = (
			);
			inputFileListPaths = (
			);
			inputPaths = (
			);
			name = "Setup Google Drive Environment GoogleDriveService-Info.plist ";
			outputFileListPaths = (
			);
			outputPaths = (
			);
			runOnlyForDeploymentPostprocessing = 0;
			shellPath = /bin/sh;
			shellScript = "# Type a script or drag a script file from your workspace to insert its path.\n# Name of the resource we're selectively copying\nGOOGLEDRIVE_SERVICE_INFO_PLIST=GoogleDriveService-Info.plist\nTARGET=\"MyPhotoReviewer\"\n\n# Get references to dev and prod versions of the GoogleDriveService-Info.plist\n# NOTE: These should only live on the file system and should NOT be part of the target (since we'll be adding them to the target manually)\nGOOGLEDRIVE_SERVICE_INFO_DEV=${PROJECT_DIR}/${TARGET}/GoogleDrive/Dev/${GOOGLEDRIVE_SERVICE_INFO_PLIST}\nGOOGLEDRIVE_SERVICE_INFO_RELEASE=${PROJECT_DIR}/${TARGET}/GoogleDrive/Prod/${GOOGLEDRIVE_SERVICE_INFO_PLIST}\n\n# Make sure the dev version of GoogleDriveService-Info.plist exists\necho \"Looking for ${GOOGLEDRIVE_SERVICE_INFO_PLIST} in ${GOOGLEDRIVE_SERVICE_INFO_DEV}\"\nif [ ! -f $GOOGLEDRIVE_SERVICE_INFO_DEV ]\nthen\necho \"No Development GoogleDriveService.plist found. Please ensure it's in the proper directory.\"\nexit 1\nfi\n\n# Make sure the prod version of GoogleDriveService-Info.plist exists\necho \"Looking for ${GOOGLEDRIVE_SERVICE_INFO_PLIST} in ${GOOGLEDRIVE_SERVICE_INFO_RELEASE}\"\nif [ ! -f $GOOGLEDRIVE_SERVICE_INFO_RELEASE ]\nthen\necho \"No Production GoogleDriveService.plist found. Please ensure it's in the proper directory.\"\nexit 1\nfi\n\n# Get a reference to the destination location for the GoogleDriveService-Info.plist\nPLIST_DESTINATION=${BUILT_PRODUCTS_DIR}/${PRODUCT_NAME}.app\necho \"Will copy ${GOOGLEDRIVE_SERVICE_INFO_PLIST} to final destination: ${PLIST_DESTINATION}\"\n\n# Copy over the prod GoogleDriveService-Info.plist for Release builds\nif [ \"${CONFIGURATION}\" == \"Debug\" ]\nthen\necho \"Using ${GOOGLEDRIVE_SERVICE_INFO_DEV}\"\ncp \"${GOOGLEDRIVE_SERVICE_INFO_DEV}\" \"${PLIST_DESTINATION}\"\nelif [ \"${CONFIGURATION}\" == \"Release\" ]\nthen\necho \"Using ${GOOGLEDRIVE_SERVICE_INFO_RELEASE}\"\ncp \"${GOOGLEDRIVE_SERVICE_INFO_RELEASE}\" \"${PLIST_DESTINATION}\"\nfi  \n";
			showEnvVarsInLog = 0;
		};
/* End PBXShellScriptBuildPhase section */

/* Begin PBXSourcesBuildPhase section */
		C101B9D529FA7D6F000192CD /* Sources */ = {
			isa = PBXSourcesBuildPhase;
			buildActionMask = 2147483647;
			files = (
				C19948B12A036AC7004CD4A1 /* TypeAliases.swift in Sources */,
				C1F6B8092A24DD5E00D3A822 /* PhotoAlbum.swift in Sources */,
				C199490D2A06824D004CD4A1 /* LocalStorageService.swift in Sources */,
				C1F6B8242A27659A00D3A822 /* PhotoView.swift in Sources */,
				C1CCBB662A1D23200040C3BD /* FirebaseStorageService.swift in Sources */,
				C1F6B81B2A25A7A000D3A822 /* HomeViewModel.swift in Sources */,
				C19948BA2A037223004CD4A1 /* AppContext.swift in Sources */,
				C19948BD2A038F73004CD4A1 /* UserProfileModel.swift in Sources */,
				C1F6B8182A24FCF800D3A822 /* FirebaseDatabaseReferenceNames.swift in Sources */,
				C1F6B80C2A24DDD000D3A822 /* Photo.swift in Sources */,
				C19948C02A03923F004CD4A1 /* RootView.swift in Sources */,
				C101B9F529FA8721000192CD /* AppDelegate.swift in Sources */,
				C1F6B8062A24DA6300D3A822 /* MediaSource.swift in Sources */,
				C199490A2A068209004CD4A1 /* BaseViewModel.swift in Sources */,
				C101B9D629FA7D6F000192CD /* HomeView.swift in Sources */,
				C1F6B8152A24FCCA00D3A822 /* FirebaseDatabaseServiceError.swift in Sources */,
				C1DFD32E2A27E8F80001ABFC /* CloudPhoto.swift in Sources */,
				C101B9E229FA80B8000192CD /* EnvironmentManager.swift in Sources */,
				C19949102A0683DA004CD4A1 /* UserAuthenticationViewModel.swift in Sources */,
				C19948AE2A036A9A004CD4A1 /* AlertView.swift in Sources */,
				C1F6B8122A24DE9800D3A822 /* PhotoAudio.swift in Sources */,
				C1F6B8212A25FB9E00D3A822 /* UserPhotoService.swift in Sources */,
				C189C8E329FCF9BB007C5FB3 /* Color+CustomColors.swift in Sources */,
				C101BA2229FC4294000192CD /* UserLoginView.swift in Sources */,
				C19948B42A036C24004CD4A1 /* UIDevice+ScreenSize.swift in Sources */,
				C189C8E729FD0F20007C5FB3 /* FormTextField.swift in Sources */,
				C1F6B80F2A24DE7700D3A822 /* PhotoLocation.swift in Sources */,
				C1CCBB632A1D230E0040C3BD /* FirebaseDatabaseService.swift in Sources */,
				C1B2CA532A122F2800D2AE04 /* UserAuthenticationProvider.swift in Sources */,
				C19948AB2A036A0F004CD4A1 /* ActivityIndicator.swift in Sources */,
				C189C8EA29FD31FB007C5FB3 /* UserAuthenticationBackgroundArt.swift in Sources */,
				C1F6B81E2A25D74200D3A822 /* MediaSourceSelectionButton.swift in Sources */,
				C19948B72A0371CD004CD4A1 /* OverlayContainerView.swift in Sources */,
				C101B9D729FA7D6F000192CD /* MyPhotoReviewerApp.swift in Sources */,
				C101BA1F29FC4196000192CD /* UserRegistrationView.swift in Sources */,
			);
			runOnlyForDeploymentPostprocessing = 0;
		};
		C1A983B929F3D80E00D83BBF /* Sources */ = {
			isa = PBXSourcesBuildPhase;
			buildActionMask = 2147483647;
			files = (
				C1A983C229F3D80E00D83BBF /* MyPhotoReviewerTests.swift in Sources */,
			);
			runOnlyForDeploymentPostprocessing = 0;
		};
		C1A983C329F3D80E00D83BBF /* Sources */ = {
			isa = PBXSourcesBuildPhase;
			buildActionMask = 2147483647;
			files = (
				C1A983CE29F3D80E00D83BBF /* MyPhotoReviewerUITestsLaunchTests.swift in Sources */,
				C1A983CC29F3D80E00D83BBF /* MyPhotoReviewerUITests.swift in Sources */,
			);
			runOnlyForDeploymentPostprocessing = 0;
		};
		C1B2CA772A15458600D2AE04 /* Sources */ = {
			isa = PBXSourcesBuildPhase;
			buildActionMask = 2147483647;
			files = (
				C1B2CA782A15458600D2AE04 /* TypeAliases.swift in Sources */,
				C1F6B80A2A24DD5E00D3A822 /* PhotoAlbum.swift in Sources */,
				C1B2CA792A15458600D2AE04 /* LocalStorageService.swift in Sources */,
				C1F6B8252A27659A00D3A822 /* PhotoView.swift in Sources */,
				C1CCBB672A1D23200040C3BD /* FirebaseStorageService.swift in Sources */,
				C1F6B81C2A25A7A000D3A822 /* HomeViewModel.swift in Sources */,
				C1B2CA7A2A15458600D2AE04 /* AppContext.swift in Sources */,
				C1B2CA7B2A15458600D2AE04 /* UserProfileModel.swift in Sources */,
				C1F6B8192A24FCF800D3A822 /* FirebaseDatabaseReferenceNames.swift in Sources */,
				C1F6B80D2A24DDD000D3A822 /* Photo.swift in Sources */,
				C1B2CA7C2A15458600D2AE04 /* RootView.swift in Sources */,
				C1B2CA7D2A15458600D2AE04 /* AppDelegate.swift in Sources */,
				C1F6B8072A24DA6300D3A822 /* MediaSource.swift in Sources */,
				C1B2CA7E2A15458600D2AE04 /* BaseViewModel.swift in Sources */,
				C1B2CA7F2A15458600D2AE04 /* HomeView.swift in Sources */,
				C1F6B8162A24FCCA00D3A822 /* FirebaseDatabaseServiceError.swift in Sources */,
				C1DFD32F2A27E8F90001ABFC /* CloudPhoto.swift in Sources */,
				C1B2CA802A15458600D2AE04 /* EnvironmentManager.swift in Sources */,
				C1B2CA812A15458600D2AE04 /* UserAuthenticationViewModel.swift in Sources */,
				C1B2CA822A15458600D2AE04 /* AlertView.swift in Sources */,
				C1F6B8132A24DE9800D3A822 /* PhotoAudio.swift in Sources */,
				C1F6B8222A25FB9E00D3A822 /* UserPhotoService.swift in Sources */,
				C1B2CA832A15458600D2AE04 /* Color+CustomColors.swift in Sources */,
				C1B2CA842A15458600D2AE04 /* UserLoginView.swift in Sources */,
				C1B2CA852A15458600D2AE04 /* UIDevice+ScreenSize.swift in Sources */,
				C1B2CA862A15458600D2AE04 /* FormTextField.swift in Sources */,
				C1F6B8102A24DE7700D3A822 /* PhotoLocation.swift in Sources */,
				C1CCBB642A1D230E0040C3BD /* FirebaseDatabaseService.swift in Sources */,
				C1B2CA872A15458600D2AE04 /* UserAuthenticationProvider.swift in Sources */,
				C1B2CA882A15458600D2AE04 /* ActivityIndicator.swift in Sources */,
				C1B2CA892A15458600D2AE04 /* UserAuthenticationBackgroundArt.swift in Sources */,
				C1F6B81F2A25D74200D3A822 /* MediaSourceSelectionButton.swift in Sources */,
				C1B2CA8A2A15458600D2AE04 /* OverlayContainerView.swift in Sources */,
				C1B2CA8B2A15458600D2AE04 /* MyPhotoReviewerApp.swift in Sources */,
				C1B2CA8C2A15458600D2AE04 /* UserRegistrationView.swift in Sources */,
			);
			runOnlyForDeploymentPostprocessing = 0;
		};
/* End PBXSourcesBuildPhase section */

/* Begin XCBuildConfiguration section */
		C101B9DD29FA7D6F000192CD /* Debug */ = {
			isa = XCBuildConfiguration;
			buildSettings = {
				ASSETCATALOG_COMPILER_APPICON_NAME = AppIcon;
				ASSETCATALOG_COMPILER_GLOBAL_ACCENT_COLOR_NAME = AccentColor;
				CODE_SIGN_ENTITLEMENTS = "MyPhotoReviewer/Application/Entitlements/MyPhotoReviewer-Development.entitlements";
				CODE_SIGN_IDENTITY = "Apple Development";
				CODE_SIGN_STYLE = Automatic;
				CURRENT_PROJECT_VERSION = 1;
				DEBUG_INFORMATION_FORMAT = "dwarf-with-dsym";
				DEVELOPMENT_ASSET_PATHS = "\"MyPhotoReviewer/Preview Content\"";
				DEVELOPMENT_TEAM = E7LF2VLC52;
				ENABLE_PREVIEWS = YES;
				GENERATE_INFOPLIST_FILE = YES;
				INFOPLIST_FILE = "MyPhotoReviewer/Application/MyPhotoReviewer-Development-Info.plist";
				INFOPLIST_KEY_CFBundleDisplayName = "My Photo Memories";
				INFOPLIST_KEY_LSApplicationCategoryType = "public.app-category.photography";
				INFOPLIST_KEY_NSPhotoLibraryUsageDescription = "Access to your photo library is needed to show your photos in the app";
				INFOPLIST_KEY_UIApplicationSceneManifest_Generation = YES;
				INFOPLIST_KEY_UIApplicationSupportsIndirectInputEvents = YES;
				INFOPLIST_KEY_UILaunchScreen_Generation = YES;
				INFOPLIST_KEY_UILaunchStoryboardName = LaunchScreen;
				INFOPLIST_KEY_UISupportedInterfaceOrientations = UIInterfaceOrientationPortrait;
				INFOPLIST_KEY_UISupportedInterfaceOrientations_iPad = "UIInterfaceOrientationLandscapeLeft UIInterfaceOrientationLandscapeRight UIInterfaceOrientationPortrait UIInterfaceOrientationPortraitUpsideDown";
				IPHONEOS_DEPLOYMENT_TARGET = 15.0;
				LD_RUNPATH_SEARCH_PATHS = (
					"$(inherited)",
					"@executable_path/Frameworks",
				);
				MARKETING_VERSION = 0.0.1;
				PRODUCT_BUNDLE_IDENTIFIER = com.xparrow.PhotoReviewer.dev;
				PRODUCT_NAME = "$(TARGET_NAME)";
				PROVISIONING_PROFILE_SPECIFIER = "";
				SWIFT_EMIT_LOC_STRINGS = YES;
				SWIFT_VERSION = 5.0;
				TARGETED_DEVICE_FAMILY = "1,2";
			};
			name = Debug;
		};
		C101B9DE29FA7D6F000192CD /* Release */ = {
			isa = XCBuildConfiguration;
			buildSettings = {
				ASSETCATALOG_COMPILER_APPICON_NAME = AppIcon;
				ASSETCATALOG_COMPILER_GLOBAL_ACCENT_COLOR_NAME = AccentColor;
				CODE_SIGN_ENTITLEMENTS = "MyPhotoReviewer/Application/Entitlements/MyPhotoReviewer-Development.entitlements";
				CODE_SIGN_STYLE = Automatic;
				CURRENT_PROJECT_VERSION = 1;
				DEVELOPMENT_ASSET_PATHS = "\"MyPhotoReviewer/Preview Content\"";
				DEVELOPMENT_TEAM = E7LF2VLC52;
				ENABLE_PREVIEWS = YES;
				GENERATE_INFOPLIST_FILE = YES;
				INFOPLIST_FILE = "MyPhotoReviewer/Application/MyPhotoReviewer-Development-Info.plist";
				INFOPLIST_KEY_CFBundleDisplayName = "My Photo Memories";
				INFOPLIST_KEY_LSApplicationCategoryType = "public.app-category.photography";
				INFOPLIST_KEY_NSPhotoLibraryUsageDescription = "Access to your photo library is needed to show your photos in the app";
				INFOPLIST_KEY_UIApplicationSceneManifest_Generation = YES;
				INFOPLIST_KEY_UIApplicationSupportsIndirectInputEvents = YES;
				INFOPLIST_KEY_UILaunchScreen_Generation = YES;
				INFOPLIST_KEY_UILaunchStoryboardName = LaunchScreen;
				INFOPLIST_KEY_UISupportedInterfaceOrientations = UIInterfaceOrientationPortrait;
				INFOPLIST_KEY_UISupportedInterfaceOrientations_iPad = "UIInterfaceOrientationLandscapeLeft UIInterfaceOrientationLandscapeRight UIInterfaceOrientationPortrait UIInterfaceOrientationPortraitUpsideDown";
				IPHONEOS_DEPLOYMENT_TARGET = 15.0;
				LD_RUNPATH_SEARCH_PATHS = (
					"$(inherited)",
					"@executable_path/Frameworks",
				);
				MARKETING_VERSION = 0.0.1;
				PRODUCT_BUNDLE_IDENTIFIER = com.xparrow.PhotoReviewer.dev;
				PRODUCT_NAME = "$(TARGET_NAME)";
				SWIFT_EMIT_LOC_STRINGS = YES;
				SWIFT_VERSION = 5.0;
				TARGETED_DEVICE_FAMILY = "1,2";
			};
			name = Release;
		};
		C1A983CF29F3D80E00D83BBF /* Debug */ = {
			isa = XCBuildConfiguration;
			buildSettings = {
				ALWAYS_SEARCH_USER_PATHS = NO;
				CLANG_ANALYZER_NONNULL = YES;
				CLANG_ANALYZER_NUMBER_OBJECT_CONVERSION = YES_AGGRESSIVE;
				CLANG_CXX_LANGUAGE_STANDARD = "gnu++20";
				CLANG_ENABLE_MODULES = YES;
				CLANG_ENABLE_OBJC_ARC = YES;
				CLANG_ENABLE_OBJC_WEAK = YES;
				CLANG_WARN_BLOCK_CAPTURE_AUTORELEASING = YES;
				CLANG_WARN_BOOL_CONVERSION = YES;
				CLANG_WARN_COMMA = YES;
				CLANG_WARN_CONSTANT_CONVERSION = YES;
				CLANG_WARN_DEPRECATED_OBJC_IMPLEMENTATIONS = YES;
				CLANG_WARN_DIRECT_OBJC_ISA_USAGE = YES_ERROR;
				CLANG_WARN_DOCUMENTATION_COMMENTS = YES;
				CLANG_WARN_EMPTY_BODY = YES;
				CLANG_WARN_ENUM_CONVERSION = YES;
				CLANG_WARN_INFINITE_RECURSION = YES;
				CLANG_WARN_INT_CONVERSION = YES;
				CLANG_WARN_NON_LITERAL_NULL_CONVERSION = YES;
				CLANG_WARN_OBJC_IMPLICIT_RETAIN_SELF = YES;
				CLANG_WARN_OBJC_LITERAL_CONVERSION = YES;
				CLANG_WARN_OBJC_ROOT_CLASS = YES_ERROR;
				CLANG_WARN_QUOTED_INCLUDE_IN_FRAMEWORK_HEADER = YES;
				CLANG_WARN_RANGE_LOOP_ANALYSIS = YES;
				CLANG_WARN_STRICT_PROTOTYPES = YES;
				CLANG_WARN_SUSPICIOUS_MOVE = YES;
				CLANG_WARN_UNGUARDED_AVAILABILITY = YES_AGGRESSIVE;
				CLANG_WARN_UNREACHABLE_CODE = YES;
				CLANG_WARN__DUPLICATE_METHOD_MATCH = YES;
				COPY_PHASE_STRIP = NO;
				DEBUG_INFORMATION_FORMAT = dwarf;
				ENABLE_STRICT_OBJC_MSGSEND = YES;
				ENABLE_TESTABILITY = YES;
				GCC_C_LANGUAGE_STANDARD = gnu11;
				GCC_DYNAMIC_NO_PIC = NO;
				GCC_NO_COMMON_BLOCKS = YES;
				GCC_OPTIMIZATION_LEVEL = 0;
				GCC_PREPROCESSOR_DEFINITIONS = (
					"DEBUG=1",
					"$(inherited)",
				);
				GCC_WARN_64_TO_32_BIT_CONVERSION = YES;
				GCC_WARN_ABOUT_RETURN_TYPE = YES_ERROR;
				GCC_WARN_UNDECLARED_SELECTOR = YES;
				GCC_WARN_UNINITIALIZED_AUTOS = YES_AGGRESSIVE;
				GCC_WARN_UNUSED_FUNCTION = YES;
				GCC_WARN_UNUSED_VARIABLE = YES;
				IPHONEOS_DEPLOYMENT_TARGET = 16.4;
				MTL_ENABLE_DEBUG_INFO = INCLUDE_SOURCE;
				MTL_FAST_MATH = YES;
				ONLY_ACTIVE_ARCH = YES;
				SDKROOT = iphoneos;
				SWIFT_ACTIVE_COMPILATION_CONDITIONS = DEBUG;
				SWIFT_OPTIMIZATION_LEVEL = "-Onone";
			};
			name = Debug;
		};
		C1A983D029F3D80E00D83BBF /* Release */ = {
			isa = XCBuildConfiguration;
			buildSettings = {
				ALWAYS_SEARCH_USER_PATHS = NO;
				CLANG_ANALYZER_NONNULL = YES;
				CLANG_ANALYZER_NUMBER_OBJECT_CONVERSION = YES_AGGRESSIVE;
				CLANG_CXX_LANGUAGE_STANDARD = "gnu++20";
				CLANG_ENABLE_MODULES = YES;
				CLANG_ENABLE_OBJC_ARC = YES;
				CLANG_ENABLE_OBJC_WEAK = YES;
				CLANG_WARN_BLOCK_CAPTURE_AUTORELEASING = YES;
				CLANG_WARN_BOOL_CONVERSION = YES;
				CLANG_WARN_COMMA = YES;
				CLANG_WARN_CONSTANT_CONVERSION = YES;
				CLANG_WARN_DEPRECATED_OBJC_IMPLEMENTATIONS = YES;
				CLANG_WARN_DIRECT_OBJC_ISA_USAGE = YES_ERROR;
				CLANG_WARN_DOCUMENTATION_COMMENTS = YES;
				CLANG_WARN_EMPTY_BODY = YES;
				CLANG_WARN_ENUM_CONVERSION = YES;
				CLANG_WARN_INFINITE_RECURSION = YES;
				CLANG_WARN_INT_CONVERSION = YES;
				CLANG_WARN_NON_LITERAL_NULL_CONVERSION = YES;
				CLANG_WARN_OBJC_IMPLICIT_RETAIN_SELF = YES;
				CLANG_WARN_OBJC_LITERAL_CONVERSION = YES;
				CLANG_WARN_OBJC_ROOT_CLASS = YES_ERROR;
				CLANG_WARN_QUOTED_INCLUDE_IN_FRAMEWORK_HEADER = YES;
				CLANG_WARN_RANGE_LOOP_ANALYSIS = YES;
				CLANG_WARN_STRICT_PROTOTYPES = YES;
				CLANG_WARN_SUSPICIOUS_MOVE = YES;
				CLANG_WARN_UNGUARDED_AVAILABILITY = YES_AGGRESSIVE;
				CLANG_WARN_UNREACHABLE_CODE = YES;
				CLANG_WARN__DUPLICATE_METHOD_MATCH = YES;
				COPY_PHASE_STRIP = NO;
				DEBUG_INFORMATION_FORMAT = "dwarf-with-dsym";
				ENABLE_NS_ASSERTIONS = NO;
				ENABLE_STRICT_OBJC_MSGSEND = YES;
				GCC_C_LANGUAGE_STANDARD = gnu11;
				GCC_NO_COMMON_BLOCKS = YES;
				GCC_WARN_64_TO_32_BIT_CONVERSION = YES;
				GCC_WARN_ABOUT_RETURN_TYPE = YES_ERROR;
				GCC_WARN_UNDECLARED_SELECTOR = YES;
				GCC_WARN_UNINITIALIZED_AUTOS = YES_AGGRESSIVE;
				GCC_WARN_UNUSED_FUNCTION = YES;
				GCC_WARN_UNUSED_VARIABLE = YES;
				IPHONEOS_DEPLOYMENT_TARGET = 16.4;
				MTL_ENABLE_DEBUG_INFO = NO;
				MTL_FAST_MATH = YES;
				SDKROOT = iphoneos;
				SWIFT_COMPILATION_MODE = wholemodule;
				SWIFT_OPTIMIZATION_LEVEL = "-O";
				VALIDATE_PRODUCT = YES;
			};
			name = Release;
		};
		C1A983D529F3D80E00D83BBF /* Debug */ = {
			isa = XCBuildConfiguration;
			buildSettings = {
				ALWAYS_EMBED_SWIFT_STANDARD_LIBRARIES = YES;
				BUNDLE_LOADER = "$(TEST_HOST)";
				CODE_SIGN_STYLE = Automatic;
				CURRENT_PROJECT_VERSION = 1;
				DEVELOPMENT_TEAM = E7LF2VLC52;
				GENERATE_INFOPLIST_FILE = YES;
				IPHONEOS_DEPLOYMENT_TARGET = 16.4;
				MARKETING_VERSION = 1.0;
				PRODUCT_BUNDLE_IDENTIFIER = com.xparrow.MyPhotoReviewerTests;
				PRODUCT_NAME = "$(TARGET_NAME)";
				SWIFT_EMIT_LOC_STRINGS = NO;
				SWIFT_VERSION = 5.0;
				TARGETED_DEVICE_FAMILY = "1,2";
				TEST_HOST = "$(BUILT_PRODUCTS_DIR)/MyPhotoReviewer.app/$(BUNDLE_EXECUTABLE_FOLDER_PATH)/MyPhotoReviewer";
			};
			name = Debug;
		};
		C1A983D629F3D80E00D83BBF /* Release */ = {
			isa = XCBuildConfiguration;
			buildSettings = {
				ALWAYS_EMBED_SWIFT_STANDARD_LIBRARIES = YES;
				BUNDLE_LOADER = "$(TEST_HOST)";
				CODE_SIGN_STYLE = Automatic;
				CURRENT_PROJECT_VERSION = 1;
				DEVELOPMENT_TEAM = E7LF2VLC52;
				GENERATE_INFOPLIST_FILE = YES;
				IPHONEOS_DEPLOYMENT_TARGET = 16.4;
				MARKETING_VERSION = 1.0;
				PRODUCT_BUNDLE_IDENTIFIER = com.xparrow.MyPhotoReviewerTests;
				PRODUCT_NAME = "$(TARGET_NAME)";
				SWIFT_EMIT_LOC_STRINGS = NO;
				SWIFT_VERSION = 5.0;
				TARGETED_DEVICE_FAMILY = "1,2";
				TEST_HOST = "$(BUILT_PRODUCTS_DIR)/MyPhotoReviewer.app/$(BUNDLE_EXECUTABLE_FOLDER_PATH)/MyPhotoReviewer";
			};
			name = Release;
		};
		C1A983D829F3D80E00D83BBF /* Debug */ = {
			isa = XCBuildConfiguration;
			buildSettings = {
				ALWAYS_EMBED_SWIFT_STANDARD_LIBRARIES = YES;
				CODE_SIGN_STYLE = Automatic;
				CURRENT_PROJECT_VERSION = 1;
				DEVELOPMENT_TEAM = E7LF2VLC52;
				GENERATE_INFOPLIST_FILE = YES;
				MARKETING_VERSION = 1.0;
				PRODUCT_BUNDLE_IDENTIFIER = com.xparrow.MyPhotoReviewerUITests;
				PRODUCT_NAME = "$(TARGET_NAME)";
				SWIFT_EMIT_LOC_STRINGS = NO;
				SWIFT_VERSION = 5.0;
				TARGETED_DEVICE_FAMILY = "1,2";
				TEST_TARGET_NAME = MyPhotoReviewer;
			};
			name = Debug;
		};
		C1A983D929F3D80E00D83BBF /* Release */ = {
			isa = XCBuildConfiguration;
			buildSettings = {
				ALWAYS_EMBED_SWIFT_STANDARD_LIBRARIES = YES;
				CODE_SIGN_STYLE = Automatic;
				CURRENT_PROJECT_VERSION = 1;
				DEVELOPMENT_TEAM = E7LF2VLC52;
				GENERATE_INFOPLIST_FILE = YES;
				MARKETING_VERSION = 1.0;
				PRODUCT_BUNDLE_IDENTIFIER = com.xparrow.MyPhotoReviewerUITests;
				PRODUCT_NAME = "$(TARGET_NAME)";
				SWIFT_EMIT_LOC_STRINGS = NO;
				SWIFT_VERSION = 5.0;
				TARGETED_DEVICE_FAMILY = "1,2";
				TEST_TARGET_NAME = MyPhotoReviewer;
			};
			name = Release;
		};
		C1B2CA9F2A15458600D2AE04 /* Debug */ = {
			isa = XCBuildConfiguration;
			buildSettings = {
				ASSETCATALOG_COMPILER_APPICON_NAME = AppIcon;
				ASSETCATALOG_COMPILER_GLOBAL_ACCENT_COLOR_NAME = AccentColor;
				CODE_SIGN_ENTITLEMENTS = "MyPhotoReviewer/Application/Entitlements/MyPhotoReviewer-Distribution.entitlements";
				CODE_SIGN_IDENTITY = "Apple Development";
				CODE_SIGN_STYLE = Automatic;
				CURRENT_PROJECT_VERSION = 4;
				DEVELOPMENT_ASSET_PATHS = "\"MyPhotoReviewer/Preview Content\"";
				DEVELOPMENT_TEAM = E7LF2VLC52;
				ENABLE_PREVIEWS = YES;
				GENERATE_INFOPLIST_FILE = YES;
				INFOPLIST_FILE = "MyPhotoReviewer/Application/MyPhotoReviewer-Distribution-Info.plist";
				INFOPLIST_KEY_CFBundleDisplayName = "My Photo Memories";
				INFOPLIST_KEY_LSApplicationCategoryType = "public.app-category.photography";
				INFOPLIST_KEY_NSPhotoLibraryUsageDescription = "Access to your photo library is needed to show your photos in the app";
				INFOPLIST_KEY_UIApplicationSceneManifest_Generation = YES;
				INFOPLIST_KEY_UIApplicationSupportsIndirectInputEvents = YES;
				INFOPLIST_KEY_UILaunchScreen_Generation = YES;
				INFOPLIST_KEY_UILaunchStoryboardName = LaunchScreen;
				INFOPLIST_KEY_UISupportedInterfaceOrientations = UIInterfaceOrientationPortrait;
				INFOPLIST_KEY_UISupportedInterfaceOrientations_iPad = "UIInterfaceOrientationLandscapeLeft UIInterfaceOrientationLandscapeRight UIInterfaceOrientationPortrait UIInterfaceOrientationPortraitUpsideDown";
				IPHONEOS_DEPLOYMENT_TARGET = 15.0;
				LD_RUNPATH_SEARCH_PATHS = (
					"$(inherited)",
					"@executable_path/Frameworks",
				);
				MARKETING_VERSION = 0.0.1;
				PRODUCT_BUNDLE_IDENTIFIER = com.xparrow.PhotoReviewer.dist;
				PRODUCT_NAME = "$(TARGET_NAME)";
				PROVISIONING_PROFILE_SPECIFIER = "";
				SWIFT_EMIT_LOC_STRINGS = YES;
				SWIFT_VERSION = 5.0;
				TARGETED_DEVICE_FAMILY = "1,2";
			};
			name = Debug;
		};
		C1B2CAA02A15458600D2AE04 /* Release */ = {
			isa = XCBuildConfiguration;
			buildSettings = {
				ASSETCATALOG_COMPILER_APPICON_NAME = AppIcon;
				ASSETCATALOG_COMPILER_GLOBAL_ACCENT_COLOR_NAME = AccentColor;
				CODE_SIGN_ENTITLEMENTS = "MyPhotoReviewer/Application/Entitlements/MyPhotoReviewer-Distribution.entitlements";
				CODE_SIGN_STYLE = Automatic;
				CURRENT_PROJECT_VERSION = 4;
				DEVELOPMENT_ASSET_PATHS = "\"MyPhotoReviewer/Preview Content\"";
				DEVELOPMENT_TEAM = E7LF2VLC52;
				ENABLE_PREVIEWS = YES;
				GENERATE_INFOPLIST_FILE = YES;
				INFOPLIST_FILE = "MyPhotoReviewer/Application/MyPhotoReviewer-Distribution-Info.plist";
				INFOPLIST_KEY_CFBundleDisplayName = "My Photo Memories";
				INFOPLIST_KEY_LSApplicationCategoryType = "public.app-category.photography";
				INFOPLIST_KEY_NSPhotoLibraryUsageDescription = "Access to your photo library is needed to show your photos in the app";
				INFOPLIST_KEY_UIApplicationSceneManifest_Generation = YES;
				INFOPLIST_KEY_UIApplicationSupportsIndirectInputEvents = YES;
				INFOPLIST_KEY_UILaunchScreen_Generation = YES;
				INFOPLIST_KEY_UILaunchStoryboardName = LaunchScreen;
				INFOPLIST_KEY_UISupportedInterfaceOrientations = UIInterfaceOrientationPortrait;
				INFOPLIST_KEY_UISupportedInterfaceOrientations_iPad = "UIInterfaceOrientationLandscapeLeft UIInterfaceOrientationLandscapeRight UIInterfaceOrientationPortrait UIInterfaceOrientationPortraitUpsideDown";
				IPHONEOS_DEPLOYMENT_TARGET = 15.0;
				LD_RUNPATH_SEARCH_PATHS = (
					"$(inherited)",
					"@executable_path/Frameworks",
				);
				MARKETING_VERSION = 0.0.1;
				PRODUCT_BUNDLE_IDENTIFIER = com.xparrow.PhotoReviewer.dist;
				PRODUCT_NAME = "$(TARGET_NAME)";
				SWIFT_EMIT_LOC_STRINGS = YES;
				SWIFT_VERSION = 5.0;
				TARGETED_DEVICE_FAMILY = "1,2";
			};
			name = Release;
		};
/* End XCBuildConfiguration section */

/* Begin XCConfigurationList section */
		C101B9DC29FA7D6F000192CD /* Build configuration list for PBXNativeTarget "MyPhotoReviewer-Development" */ = {
			isa = XCConfigurationList;
			buildConfigurations = (
				C101B9DD29FA7D6F000192CD /* Debug */,
				C101B9DE29FA7D6F000192CD /* Release */,
			);
			defaultConfigurationIsVisible = 0;
			defaultConfigurationName = Release;
		};
		C1A983A829F3D80D00D83BBF /* Build configuration list for PBXProject "MyPhotoReviewer" */ = {
			isa = XCConfigurationList;
			buildConfigurations = (
				C1A983CF29F3D80E00D83BBF /* Debug */,
				C1A983D029F3D80E00D83BBF /* Release */,
			);
			defaultConfigurationIsVisible = 0;
			defaultConfigurationName = Release;
		};
		C1A983D429F3D80E00D83BBF /* Build configuration list for PBXNativeTarget "MyPhotoReviewerTests" */ = {
			isa = XCConfigurationList;
			buildConfigurations = (
				C1A983D529F3D80E00D83BBF /* Debug */,
				C1A983D629F3D80E00D83BBF /* Release */,
			);
			defaultConfigurationIsVisible = 0;
			defaultConfigurationName = Release;
		};
		C1A983D729F3D80E00D83BBF /* Build configuration list for PBXNativeTarget "MyPhotoReviewerUITests" */ = {
			isa = XCConfigurationList;
			buildConfigurations = (
				C1A983D829F3D80E00D83BBF /* Debug */,
				C1A983D929F3D80E00D83BBF /* Release */,
			);
			defaultConfigurationIsVisible = 0;
			defaultConfigurationName = Release;
		};
		C1B2CA9E2A15458600D2AE04 /* Build configuration list for PBXNativeTarget "MyPhotoReviewer-Distribution" */ = {
			isa = XCConfigurationList;
			buildConfigurations = (
				C1B2CA9F2A15458600D2AE04 /* Debug */,
				C1B2CAA02A15458600D2AE04 /* Release */,
			);
			defaultConfigurationIsVisible = 0;
			defaultConfigurationName = Release;
		};
/* End XCConfigurationList section */

/* Begin XCRemoteSwiftPackageReference section */
		C101B9F729FA886A000192CD /* XCRemoteSwiftPackageReference "firebase-ios-sdk" */ = {
			isa = XCRemoteSwiftPackageReference;
			repositoryURL = "https://github.com/firebase/firebase-ios-sdk";
			requirement = {
				kind = upToNextMajorVersion;
				minimumVersion = 10.0.0;
			};
		};
		C1B2CA542A1341ED00D2AE04 /* XCRemoteSwiftPackageReference "GoogleSignIn-iOS" */ = {
			isa = XCRemoteSwiftPackageReference;
			repositoryURL = "https://github.com/google/GoogleSignIn-iOS";
			requirement = {
				kind = upToNextMajorVersion;
				minimumVersion = 7.0.0;
			};
		};
		C1B2CA6D2A15458600D2AE04 /* XCRemoteSwiftPackageReference "firebase-ios-sdk" */ = {
			isa = XCRemoteSwiftPackageReference;
			repositoryURL = "https://github.com/firebase/firebase-ios-sdk";
			requirement = {
				kind = upToNextMajorVersion;
				minimumVersion = 10.0.0;
			};
		};
		C1B2CA752A15458600D2AE04 /* XCRemoteSwiftPackageReference "GoogleSignIn-iOS" */ = {
			isa = XCRemoteSwiftPackageReference;
			repositoryURL = "https://github.com/google/GoogleSignIn-iOS";
			requirement = {
				kind = upToNextMajorVersion;
				minimumVersion = 7.0.0;
			};
		};
		C1DFD3132A27CE750001ABFC /* XCRemoteSwiftPackageReference "gtm-session-fetcher" */ = {
			isa = XCRemoteSwiftPackageReference;
			repositoryURL = "https://github.com/google/gtm-session-fetcher.git";
			requirement = {
				kind = upToNextMajorVersion;
				minimumVersion = 3.1.1;
			};
		};
		C1DFD31A2A27CEC40001ABFC /* XCRemoteSwiftPackageReference "google-api-objectivec-client-for-rest" */ = {
			isa = XCRemoteSwiftPackageReference;
			repositoryURL = "https://github.com/google/google-api-objectivec-client-for-rest.git";
			requirement = {
				kind = upToNextMajorVersion;
				minimumVersion = 3.0.0;
			};
		};
/* End XCRemoteSwiftPackageReference section */

/* Begin XCSwiftPackageProductDependency section */
		C101B9F829FA886A000192CD /* FirebaseAnalytics */ = {
			isa = XCSwiftPackageProductDependency;
			package = C101B9F729FA886A000192CD /* XCRemoteSwiftPackageReference "firebase-ios-sdk" */;
			productName = FirebaseAnalytics;
		};
		C101B9FA29FA886A000192CD /* FirebaseAuth */ = {
			isa = XCSwiftPackageProductDependency;
			package = C101B9F729FA886A000192CD /* XCRemoteSwiftPackageReference "firebase-ios-sdk" */;
			productName = FirebaseAuth;
		};
		C101B9FC29FA886A000192CD /* FirebaseCrashlytics */ = {
			isa = XCSwiftPackageProductDependency;
			package = C101B9F729FA886A000192CD /* XCRemoteSwiftPackageReference "firebase-ios-sdk" */;
			productName = FirebaseCrashlytics;
		};
		C101B9FE29FA886A000192CD /* FirebaseDatabase */ = {
			isa = XCSwiftPackageProductDependency;
			package = C101B9F729FA886A000192CD /* XCRemoteSwiftPackageReference "firebase-ios-sdk" */;
			productName = FirebaseDatabase;
		};
		C101BA0029FA886A000192CD /* FirebaseFirestore */ = {
			isa = XCSwiftPackageProductDependency;
			package = C101B9F729FA886A000192CD /* XCRemoteSwiftPackageReference "firebase-ios-sdk" */;
			productName = FirebaseFirestore;
		};
		C101BA0229FA886A000192CD /* FirebasePerformance */ = {
			isa = XCSwiftPackageProductDependency;
			package = C101B9F729FA886A000192CD /* XCRemoteSwiftPackageReference "firebase-ios-sdk" */;
			productName = FirebasePerformance;
		};
		C101BA0429FA886A000192CD /* FirebaseStorage */ = {
			isa = XCSwiftPackageProductDependency;
			package = C101B9F729FA886A000192CD /* XCRemoteSwiftPackageReference "firebase-ios-sdk" */;
			productName = FirebaseStorage;
		};
		C1B2CA552A1341ED00D2AE04 /* GoogleSignIn */ = {
			isa = XCSwiftPackageProductDependency;
			package = C1B2CA542A1341ED00D2AE04 /* XCRemoteSwiftPackageReference "GoogleSignIn-iOS" */;
			productName = GoogleSignIn;
		};
		C1B2CA572A1341ED00D2AE04 /* GoogleSignInSwift */ = {
			isa = XCSwiftPackageProductDependency;
			package = C1B2CA542A1341ED00D2AE04 /* XCRemoteSwiftPackageReference "GoogleSignIn-iOS" */;
			productName = GoogleSignInSwift;
		};
		C1B2CA6C2A15458600D2AE04 /* FirebaseAnalytics */ = {
			isa = XCSwiftPackageProductDependency;
			package = C1B2CA6D2A15458600D2AE04 /* XCRemoteSwiftPackageReference "firebase-ios-sdk" */;
			productName = FirebaseAnalytics;
		};
		C1B2CA6E2A15458600D2AE04 /* FirebaseAuth */ = {
			isa = XCSwiftPackageProductDependency;
			package = C1B2CA6D2A15458600D2AE04 /* XCRemoteSwiftPackageReference "firebase-ios-sdk" */;
			productName = FirebaseAuth;
		};
		C1B2CA6F2A15458600D2AE04 /* FirebaseCrashlytics */ = {
			isa = XCSwiftPackageProductDependency;
			package = C1B2CA6D2A15458600D2AE04 /* XCRemoteSwiftPackageReference "firebase-ios-sdk" */;
			productName = FirebaseCrashlytics;
		};
		C1B2CA702A15458600D2AE04 /* FirebaseDatabase */ = {
			isa = XCSwiftPackageProductDependency;
			package = C1B2CA6D2A15458600D2AE04 /* XCRemoteSwiftPackageReference "firebase-ios-sdk" */;
			productName = FirebaseDatabase;
		};
		C1B2CA712A15458600D2AE04 /* FirebaseFirestore */ = {
			isa = XCSwiftPackageProductDependency;
			package = C1B2CA6D2A15458600D2AE04 /* XCRemoteSwiftPackageReference "firebase-ios-sdk" */;
			productName = FirebaseFirestore;
		};
		C1B2CA722A15458600D2AE04 /* FirebasePerformance */ = {
			isa = XCSwiftPackageProductDependency;
			package = C1B2CA6D2A15458600D2AE04 /* XCRemoteSwiftPackageReference "firebase-ios-sdk" */;
			productName = FirebasePerformance;
		};
		C1B2CA732A15458600D2AE04 /* FirebaseStorage */ = {
			isa = XCSwiftPackageProductDependency;
			package = C1B2CA6D2A15458600D2AE04 /* XCRemoteSwiftPackageReference "firebase-ios-sdk" */;
			productName = FirebaseStorage;
		};
		C1B2CA742A15458600D2AE04 /* GoogleSignIn */ = {
			isa = XCSwiftPackageProductDependency;
			package = C1B2CA752A15458600D2AE04 /* XCRemoteSwiftPackageReference "GoogleSignIn-iOS" */;
			productName = GoogleSignIn;
		};
		C1B2CA762A15458600D2AE04 /* GoogleSignInSwift */ = {
			isa = XCSwiftPackageProductDependency;
			package = C1B2CA752A15458600D2AE04 /* XCRemoteSwiftPackageReference "GoogleSignIn-iOS" */;
			productName = GoogleSignInSwift;
		};
		C1DFD3142A27CE750001ABFC /* GTMSessionFetcher */ = {
			isa = XCSwiftPackageProductDependency;
			package = C1DFD3132A27CE750001ABFC /* XCRemoteSwiftPackageReference "gtm-session-fetcher" */;
			productName = GTMSessionFetcher;
		};
		C1DFD3162A27CE750001ABFC /* GTMSessionFetcherCore */ = {
			isa = XCSwiftPackageProductDependency;
			package = C1DFD3132A27CE750001ABFC /* XCRemoteSwiftPackageReference "gtm-session-fetcher" */;
			productName = GTMSessionFetcherCore;
		};
		C1DFD3182A27CE750001ABFC /* GTMSessionFetcherFull */ = {
			isa = XCSwiftPackageProductDependency;
			package = C1DFD3132A27CE750001ABFC /* XCRemoteSwiftPackageReference "gtm-session-fetcher" */;
			productName = GTMSessionFetcherFull;
		};
		C1DFD31B2A27CEC50001ABFC /* GoogleAPIClientForRESTCore */ = {
			isa = XCSwiftPackageProductDependency;
			package = C1DFD31A2A27CEC40001ABFC /* XCRemoteSwiftPackageReference "google-api-objectivec-client-for-rest" */;
			productName = GoogleAPIClientForRESTCore;
		};
		C1DFD31D2A27CF3F0001ABFC /* GTMSessionFetcher */ = {
			isa = XCSwiftPackageProductDependency;
			package = C1DFD3132A27CE750001ABFC /* XCRemoteSwiftPackageReference "gtm-session-fetcher" */;
			productName = GTMSessionFetcher;
		};
		C1DFD31F2A27CF3F0001ABFC /* GTMSessionFetcherCore */ = {
			isa = XCSwiftPackageProductDependency;
			package = C1DFD3132A27CE750001ABFC /* XCRemoteSwiftPackageReference "gtm-session-fetcher" */;
			productName = GTMSessionFetcherCore;
		};
		C1DFD3212A27CF3F0001ABFC /* GTMSessionFetcherFull */ = {
			isa = XCSwiftPackageProductDependency;
			package = C1DFD3132A27CE750001ABFC /* XCRemoteSwiftPackageReference "gtm-session-fetcher" */;
			productName = GTMSessionFetcherFull;
		};
		C1DFD3232A27CF3F0001ABFC /* GTMSessionFetcherLogView */ = {
			isa = XCSwiftPackageProductDependency;
			package = C1DFD3132A27CE750001ABFC /* XCRemoteSwiftPackageReference "gtm-session-fetcher" */;
			productName = GTMSessionFetcherLogView;
		};
		C1DFD3252A27CF980001ABFC /* GoogleAPIClientForRESTCore */ = {
			isa = XCSwiftPackageProductDependency;
			package = C1DFD31A2A27CEC40001ABFC /* XCRemoteSwiftPackageReference "google-api-objectivec-client-for-rest" */;
			productName = GoogleAPIClientForRESTCore;
		};
		C1DFD3272A27CFAE0001ABFC /* GTMSessionFetcherLogView */ = {
			isa = XCSwiftPackageProductDependency;
			package = C1DFD3132A27CE750001ABFC /* XCRemoteSwiftPackageReference "gtm-session-fetcher" */;
			productName = GTMSessionFetcherLogView;
		};
		C1DFD3292A27D0C20001ABFC /* GoogleAPIClientForREST_Drive */ = {
			isa = XCSwiftPackageProductDependency;
			package = C1DFD31A2A27CEC40001ABFC /* XCRemoteSwiftPackageReference "google-api-objectivec-client-for-rest" */;
			productName = GoogleAPIClientForREST_Drive;
		};
		C1DFD32B2A27D0DA0001ABFC /* GoogleAPIClientForREST_Drive */ = {
			isa = XCSwiftPackageProductDependency;
			package = C1DFD31A2A27CEC40001ABFC /* XCRemoteSwiftPackageReference "google-api-objectivec-client-for-rest" */;
			productName = GoogleAPIClientForREST_Drive;
		};
/* End XCSwiftPackageProductDependency section */
	};
	rootObject = C1A983A529F3D80D00D83BBF /* Project object */;
}
